// !$*UTF8*$!
{
	archiveVersion = 1;
	classes = {
	};
	objectVersion = 50;
	objects = {

/* Begin PBXBuildFile section */
		165DD6C623E39A0C0068D76E /* AppDelegate.swift in Sources */ = {isa = PBXBuildFile; fileRef = 165DD6C523E39A0C0068D76E /* AppDelegate.swift */; };
		165DD6C823E39A0C0068D76E /* SceneDelegate.swift in Sources */ = {isa = PBXBuildFile; fileRef = 165DD6C723E39A0C0068D76E /* SceneDelegate.swift */; };
		165DD6CD23E39A0C0068D76E /* Main.storyboard in Resources */ = {isa = PBXBuildFile; fileRef = 165DD6CB23E39A0C0068D76E /* Main.storyboard */; };
		165DD6CF23E39A0D0068D76E /* Assets.xcassets in Resources */ = {isa = PBXBuildFile; fileRef = 165DD6CE23E39A0D0068D76E /* Assets.xcassets */; };
		165DD6D223E39A0D0068D76E /* LaunchScreen.storyboard in Resources */ = {isa = PBXBuildFile; fileRef = 165DD6D023E39A0D0068D76E /* LaunchScreen.storyboard */; };
		165DD6DA23E39A8A0068D76E /* MapViewController.swift in Sources */ = {isa = PBXBuildFile; fileRef = 165DD6D923E39A8A0068D76E /* MapViewController.swift */; };
		165DD6E023E39AD80068D76E /* MapPresenter.swift in Sources */ = {isa = PBXBuildFile; fileRef = 165DD6DF23E39AD80068D76E /* MapPresenter.swift */; };
		165DD6E423E39F3F0068D76E /* MapViewController+Collection.swift in Sources */ = {isa = PBXBuildFile; fileRef = 165DD6E323E39F3F0068D76E /* MapViewController+Collection.swift */; };
		165DD6E823E39F7E0068D76E /* MapViewController+Table.swift in Sources */ = {isa = PBXBuildFile; fileRef = 165DD6E723E39F7E0068D76E /* MapViewController+Table.swift */; };
		165DD6EC23E3A0A10068D76E /* MapPresenter+TopMenu.swift in Sources */ = {isa = PBXBuildFile; fileRef = 165DD6EB23E3A0A10068D76E /* MapPresenter+TopMenu.swift */; };
		165DD6EE23E3A0B10068D76E /* MapPresenter+SelectedFilter.swift in Sources */ = {isa = PBXBuildFile; fileRef = 165DD6ED23E3A0B10068D76E /* MapPresenter+SelectedFilter.swift */; };
		165DD6F023E3A0BA0068D76E /* MapPresenter+SideMenu.swift in Sources */ = {isa = PBXBuildFile; fileRef = 165DD6EF23E3A0BA0068D76E /* MapPresenter+SideMenu.swift */; };
		165DD6F223E3A0C20068D76E /* MapPresenter+Product.swift in Sources */ = {isa = PBXBuildFile; fileRef = 165DD6F123E3A0C20068D76E /* MapPresenter+Product.swift */; };
		165DD6F423E3A1140068D76E /* Category.swift in Sources */ = {isa = PBXBuildFile; fileRef = 165DD6F323E3A1140068D76E /* Category.swift */; };
		165DD6F623E3A13C0068D76E /* Filter.swift in Sources */ = {isa = PBXBuildFile; fileRef = 165DD6F523E3A13C0068D76E /* Filter.swift */; };
		165DD6F823E3A1450068D76E /* Product.swift in Sources */ = {isa = PBXBuildFile; fileRef = 165DD6F723E3A1450068D76E /* Product.swift */; };
		165DD6FB23E3A3B30068D76E /* SelectedFilter.swift in Sources */ = {isa = PBXBuildFile; fileRef = 165DD6FA23E3A3B30068D76E /* SelectedFilter.swift */; };
		165DD70023E3A69D0068D76E /* ViewablePresenter.swift in Sources */ = {isa = PBXBuildFile; fileRef = 165DD6FF23E3A69D0068D76E /* ViewablePresenter.swift */; };
		165DD70423E3AA0B0068D76E /* CategoryCollectionViewCell.swift in Sources */ = {isa = PBXBuildFile; fileRef = 165DD70223E3AA0B0068D76E /* CategoryCollectionViewCell.swift */; };
		165DD70823E3AA2D0068D76E /* SelectedFilterCollectionViewCell.swift in Sources */ = {isa = PBXBuildFile; fileRef = 165DD70623E3AA2D0068D76E /* SelectedFilterCollectionViewCell.swift */; };
		165DD70F23E3AA780068D76E /* FilterTableViewCell.swift in Sources */ = {isa = PBXBuildFile; fileRef = 165DD70D23E3AA780068D76E /* FilterTableViewCell.swift */; };
		165DD71423E3AA940068D76E /* ProductTableViewCell.swift in Sources */ = {isa = PBXBuildFile; fileRef = 165DD71223E3AA940068D76E /* ProductTableViewCell.swift */; };
		165DD71723E422280068D76E /* PresentableView.swift in Sources */ = {isa = PBXBuildFile; fileRef = 165DD71623E422280068D76E /* PresentableView.swift */; };
		165DD71D23E42E0A0068D76E /* SyncablePresenter.swift in Sources */ = {isa = PBXBuildFile; fileRef = 165DD71C23E42E0A0068D76E /* SyncablePresenter.swift */; };
		165DD72023E42F780068D76E /* MapSync.swift in Sources */ = {isa = PBXBuildFile; fileRef = 165DD71F23E42F780068D76E /* MapSync.swift */; };
		165DD72323E42FD70068D76E /* PresentableMapSync.swift in Sources */ = {isa = PBXBuildFile; fileRef = 165DD72223E42FD70068D76E /* PresentableMapSync.swift */; };
		165DD72823E46D300068D76E /* Sequences+Extensions.swift in Sources */ = {isa = PBXBuildFile; fileRef = 165DD72723E46D300068D76E /* Sequences+Extensions.swift */; };
		16ABE89523E58B590065D873 /* DropDownView.swift in Sources */ = {isa = PBXBuildFile; fileRef = 16ABE89423E58B590065D873 /* DropDownView.swift */; };
		16ABE89723E58CD50065D873 /* DropDownButton.swift in Sources */ = {isa = PBXBuildFile; fileRef = 16ABE89623E58CD50065D873 /* DropDownButton.swift */; };
		16ABE8BE23E5B00E0065D873 /* SortablePresenter.swift in Sources */ = {isa = PBXBuildFile; fileRef = 16ABE8BD23E5B00E0065D873 /* SortablePresenter.swift */; };
		16ABE8C123E5B0B60065D873 /* SortConstant.swift in Sources */ = {isa = PBXBuildFile; fileRef = 16ABE8C023E5B0B60065D873 /* SortConstant.swift */; };
/* End PBXBuildFile section */

/* Begin PBXFileReference section */
		165DD6C223E39A0C0068D76E /* simple-wine-v2.app */ = {isa = PBXFileReference; explicitFileType = wrapper.application; includeInIndex = 0; path = "simple-wine-v2.app"; sourceTree = BUILT_PRODUCTS_DIR; };
		165DD6C523E39A0C0068D76E /* AppDelegate.swift */ = {isa = PBXFileReference; lastKnownFileType = sourcecode.swift; path = AppDelegate.swift; sourceTree = "<group>"; };
		165DD6C723E39A0C0068D76E /* SceneDelegate.swift */ = {isa = PBXFileReference; lastKnownFileType = sourcecode.swift; path = SceneDelegate.swift; sourceTree = "<group>"; };
		165DD6CC23E39A0C0068D76E /* Base */ = {isa = PBXFileReference; lastKnownFileType = file.storyboard; name = Base; path = Base.lproj/Main.storyboard; sourceTree = "<group>"; };
		165DD6CE23E39A0D0068D76E /* Assets.xcassets */ = {isa = PBXFileReference; lastKnownFileType = folder.assetcatalog; path = Assets.xcassets; sourceTree = "<group>"; };
		165DD6D123E39A0D0068D76E /* Base */ = {isa = PBXFileReference; lastKnownFileType = file.storyboard; name = Base; path = Base.lproj/LaunchScreen.storyboard; sourceTree = "<group>"; };
		165DD6D323E39A0D0068D76E /* Info.plist */ = {isa = PBXFileReference; lastKnownFileType = text.plist.xml; path = Info.plist; sourceTree = "<group>"; };
		165DD6D923E39A8A0068D76E /* MapViewController.swift */ = {isa = PBXFileReference; lastKnownFileType = sourcecode.swift; path = MapViewController.swift; sourceTree = "<group>"; };
		165DD6DF23E39AD80068D76E /* MapPresenter.swift */ = {isa = PBXFileReference; lastKnownFileType = sourcecode.swift; path = MapPresenter.swift; sourceTree = "<group>"; };
		165DD6E323E39F3F0068D76E /* MapViewController+Collection.swift */ = {isa = PBXFileReference; lastKnownFileType = sourcecode.swift; path = "MapViewController+Collection.swift"; sourceTree = "<group>"; };
		165DD6E723E39F7E0068D76E /* MapViewController+Table.swift */ = {isa = PBXFileReference; lastKnownFileType = sourcecode.swift; path = "MapViewController+Table.swift"; sourceTree = "<group>"; };
		165DD6EB23E3A0A10068D76E /* MapPresenter+TopMenu.swift */ = {isa = PBXFileReference; lastKnownFileType = sourcecode.swift; path = "MapPresenter+TopMenu.swift"; sourceTree = "<group>"; };
		165DD6ED23E3A0B10068D76E /* MapPresenter+SelectedFilter.swift */ = {isa = PBXFileReference; lastKnownFileType = sourcecode.swift; path = "MapPresenter+SelectedFilter.swift"; sourceTree = "<group>"; };
		165DD6EF23E3A0BA0068D76E /* MapPresenter+SideMenu.swift */ = {isa = PBXFileReference; lastKnownFileType = sourcecode.swift; path = "MapPresenter+SideMenu.swift"; sourceTree = "<group>"; };
		165DD6F123E3A0C20068D76E /* MapPresenter+Product.swift */ = {isa = PBXFileReference; lastKnownFileType = sourcecode.swift; path = "MapPresenter+Product.swift"; sourceTree = "<group>"; };
		165DD6F323E3A1140068D76E /* Category.swift */ = {isa = PBXFileReference; lastKnownFileType = sourcecode.swift; path = Category.swift; sourceTree = "<group>"; };
		165DD6F523E3A13C0068D76E /* Filter.swift */ = {isa = PBXFileReference; lastKnownFileType = sourcecode.swift; path = Filter.swift; sourceTree = "<group>"; };
		165DD6F723E3A1450068D76E /* Product.swift */ = {isa = PBXFileReference; lastKnownFileType = sourcecode.swift; path = Product.swift; sourceTree = "<group>"; };
		165DD6FA23E3A3B30068D76E /* SelectedFilter.swift */ = {isa = PBXFileReference; lastKnownFileType = sourcecode.swift; path = SelectedFilter.swift; sourceTree = "<group>"; };
		165DD6FF23E3A69D0068D76E /* ViewablePresenter.swift */ = {isa = PBXFileReference; lastKnownFileType = sourcecode.swift; path = ViewablePresenter.swift; sourceTree = "<group>"; };
		165DD70223E3AA0B0068D76E /* CategoryCollectionViewCell.swift */ = {isa = PBXFileReference; lastKnownFileType = sourcecode.swift; path = CategoryCollectionViewCell.swift; sourceTree = "<group>"; };
		165DD70623E3AA2D0068D76E /* SelectedFilterCollectionViewCell.swift */ = {isa = PBXFileReference; lastKnownFileType = sourcecode.swift; path = SelectedFilterCollectionViewCell.swift; sourceTree = "<group>"; };
		165DD70D23E3AA780068D76E /* FilterTableViewCell.swift */ = {isa = PBXFileReference; lastKnownFileType = sourcecode.swift; path = FilterTableViewCell.swift; sourceTree = "<group>"; };
		165DD71223E3AA940068D76E /* ProductTableViewCell.swift */ = {isa = PBXFileReference; lastKnownFileType = sourcecode.swift; path = ProductTableViewCell.swift; sourceTree = "<group>"; };
		165DD71623E422280068D76E /* PresentableView.swift */ = {isa = PBXFileReference; lastKnownFileType = sourcecode.swift; path = PresentableView.swift; sourceTree = "<group>"; };
		165DD71C23E42E0A0068D76E /* SyncablePresenter.swift */ = {isa = PBXFileReference; lastKnownFileType = sourcecode.swift; path = SyncablePresenter.swift; sourceTree = "<group>"; };
		165DD71F23E42F780068D76E /* MapSync.swift */ = {isa = PBXFileReference; lastKnownFileType = sourcecode.swift; path = MapSync.swift; sourceTree = "<group>"; };
		165DD72223E42FD70068D76E /* PresentableMapSync.swift */ = {isa = PBXFileReference; lastKnownFileType = sourcecode.swift; path = PresentableMapSync.swift; sourceTree = "<group>"; };
		165DD72723E46D300068D76E /* Sequences+Extensions.swift */ = {isa = PBXFileReference; lastKnownFileType = sourcecode.swift; path = "Sequences+Extensions.swift"; sourceTree = "<group>"; };
		16ABE89423E58B590065D873 /* DropDownView.swift */ = {isa = PBXFileReference; lastKnownFileType = sourcecode.swift; path = DropDownView.swift; sourceTree = "<group>"; };
		16ABE89623E58CD50065D873 /* DropDownButton.swift */ = {isa = PBXFileReference; lastKnownFileType = sourcecode.swift; path = DropDownButton.swift; sourceTree = "<group>"; };
		16ABE8BD23E5B00E0065D873 /* SortablePresenter.swift */ = {isa = PBXFileReference; lastKnownFileType = sourcecode.swift; path = SortablePresenter.swift; sourceTree = "<group>"; };
		16ABE8C023E5B0B60065D873 /* SortConstant.swift */ = {isa = PBXFileReference; lastKnownFileType = sourcecode.swift; path = SortConstant.swift; sourceTree = "<group>"; };
/* End PBXFileReference section */

/* Begin PBXFrameworksBuildPhase section */
		165DD6BF23E39A0C0068D76E /* Frameworks */ = {
			isa = PBXFrameworksBuildPhase;
			buildActionMask = 2147483647;
			files = (
			);
			runOnlyForDeploymentPostprocessing = 0;
		};
/* End PBXFrameworksBuildPhase section */

/* Begin PBXGroup section */
		165DD6B923E39A0C0068D76E = {
			isa = PBXGroup;
			children = (
				165DD6C423E39A0C0068D76E /* simple-wine-v2 */,
				165DD6C323E39A0C0068D76E /* Products */,
			);
			sourceTree = "<group>";
		};
		165DD6C323E39A0C0068D76E /* Products */ = {
			isa = PBXGroup;
			children = (
				165DD6C223E39A0C0068D76E /* simple-wine-v2.app */,
			);
			name = Products;
			sourceTree = "<group>";
		};
		165DD6C423E39A0C0068D76E /* simple-wine-v2 */ = {
			isa = PBXGroup;
			children = (
				16ABE8BF23E5B0960065D873 /* Constant */,
				16ABE89223E58B2C0065D873 /* UI */,
				165DD72623E46D1D0068D76E /* Helper */,
				165DD71823E42B510068D76E /* Service */,
				165DD6FC23E3A65C0068D76E /* Protocol */,
				165DD6DD23E39AAD0068D76E /* Model */,
				165DD6DC23E39AA70068D76E /* View */,
				165DD6DB23E39A9F0068D76E /* Presenter */,
				165DD6E123E39AF20068D76E /* Storyboard */,
				165DD6E223E39B080068D76E /* Resources */,
				165DD6C523E39A0C0068D76E /* AppDelegate.swift */,
				165DD6C723E39A0C0068D76E /* SceneDelegate.swift */,
				165DD6D023E39A0D0068D76E /* LaunchScreen.storyboard */,
				165DD6D323E39A0D0068D76E /* Info.plist */,
			);
			path = "simple-wine-v2";
			sourceTree = "<group>";
		};
		165DD6DB23E39A9F0068D76E /* Presenter */ = {
			isa = PBXGroup;
			children = (
				165DD6DF23E39AD80068D76E /* MapPresenter.swift */,
				165DD6EB23E3A0A10068D76E /* MapPresenter+TopMenu.swift */,
				165DD6ED23E3A0B10068D76E /* MapPresenter+SelectedFilter.swift */,
				165DD6EF23E3A0BA0068D76E /* MapPresenter+SideMenu.swift */,
				165DD6F123E3A0C20068D76E /* MapPresenter+Product.swift */,
			);
			path = Presenter;
			sourceTree = "<group>";
		};
		165DD6DC23E39AA70068D76E /* View */ = {
			isa = PBXGroup;
			children = (
				165DD6DE23E39ABA0068D76E /* Map */,
			);
			path = View;
			sourceTree = "<group>";
		};
		165DD6DD23E39AAD0068D76E /* Model */ = {
			isa = PBXGroup;
			children = (
				165DD6F323E3A1140068D76E /* Category.swift */,
				165DD6F523E3A13C0068D76E /* Filter.swift */,
				165DD6F723E3A1450068D76E /* Product.swift */,
				165DD6FA23E3A3B30068D76E /* SelectedFilter.swift */,
			);
			path = Model;
			sourceTree = "<group>";
		};
		165DD6DE23E39ABA0068D76E /* Map */ = {
			isa = PBXGroup;
			children = (
				165DD70123E3A9DF0068D76E /* Cell */,
				165DD6D923E39A8A0068D76E /* MapViewController.swift */,
				165DD6E323E39F3F0068D76E /* MapViewController+Collection.swift */,
				165DD6E723E39F7E0068D76E /* MapViewController+Table.swift */,
			);
			path = Map;
			sourceTree = "<group>";
		};
		165DD6E123E39AF20068D76E /* Storyboard */ = {
			isa = PBXGroup;
			children = (
				165DD6CB23E39A0C0068D76E /* Main.storyboard */,
			);
			path = Storyboard;
			sourceTree = "<group>";
		};
		165DD6E223E39B080068D76E /* Resources */ = {
			isa = PBXGroup;
			children = (
				165DD6CE23E39A0D0068D76E /* Assets.xcassets */,
			);
			path = Resources;
			sourceTree = "<group>";
		};
		165DD6FC23E3A65C0068D76E /* Protocol */ = {
			isa = PBXGroup;
			children = (
				165DD72123E42FC10068D76E /* Sync */,
				165DD6FE23E3A66D0068D76E /* View */,
				165DD6FD23E3A6630068D76E /* Presenter */,
			);
			path = Protocol;
			sourceTree = "<group>";
		};
		165DD6FD23E3A6630068D76E /* Presenter */ = {
			isa = PBXGroup;
			children = (
				165DD6FF23E3A69D0068D76E /* ViewablePresenter.swift */,
				165DD71C23E42E0A0068D76E /* SyncablePresenter.swift */,
				16ABE8BD23E5B00E0065D873 /* SortablePresenter.swift */,
			);
			path = Presenter;
			sourceTree = "<group>";
		};
		165DD6FE23E3A66D0068D76E /* View */ = {
			isa = PBXGroup;
			children = (
				165DD71623E422280068D76E /* PresentableView.swift */,
			);
			path = View;
			sourceTree = "<group>";
		};
		165DD70123E3A9DF0068D76E /* Cell */ = {
			isa = PBXGroup;
			children = (
				165DD71123E3AA7D0068D76E /* Product */,
				165DD70C23E3AA4B0068D76E /* Filter */,
				165DD70B23E3AA410068D76E /* SelectedFilter */,
				165DD70A23E3AA320068D76E /* Category */,
			);
			path = Cell;
			sourceTree = "<group>";
		};
		165DD70A23E3AA320068D76E /* Category */ = {
			isa = PBXGroup;
			children = (
				165DD70223E3AA0B0068D76E /* CategoryCollectionViewCell.swift */,
			);
			path = Category;
			sourceTree = "<group>";
		};
		165DD70B23E3AA410068D76E /* SelectedFilter */ = {
			isa = PBXGroup;
			children = (
				165DD70623E3AA2D0068D76E /* SelectedFilterCollectionViewCell.swift */,
			);
			path = SelectedFilter;
			sourceTree = "<group>";
		};
		165DD70C23E3AA4B0068D76E /* Filter */ = {
			isa = PBXGroup;
			children = (
				165DD70D23E3AA780068D76E /* FilterTableViewCell.swift */,
			);
			path = Filter;
			sourceTree = "<group>";
		};
		165DD71123E3AA7D0068D76E /* Product */ = {
			isa = PBXGroup;
			children = (
				165DD71223E3AA940068D76E /* ProductTableViewCell.swift */,
			);
			path = Product;
			sourceTree = "<group>";
		};
		165DD71823E42B510068D76E /* Service */ = {
			isa = PBXGroup;
			children = (
				165DD71E23E42F550068D76E /* Sync */,
			);
			path = Service;
			sourceTree = "<group>";
		};
		165DD71E23E42F550068D76E /* Sync */ = {
			isa = PBXGroup;
			children = (
				165DD71F23E42F780068D76E /* MapSync.swift */,
			);
			path = Sync;
			sourceTree = "<group>";
		};
		165DD72123E42FC10068D76E /* Sync */ = {
			isa = PBXGroup;
			children = (
				165DD72223E42FD70068D76E /* PresentableMapSync.swift */,
			);
			path = Sync;
			sourceTree = "<group>";
		};
		165DD72623E46D1D0068D76E /* Helper */ = {
			isa = PBXGroup;
			children = (
				165DD72723E46D300068D76E /* Sequences+Extensions.swift */,
			);
			path = Helper;
			sourceTree = "<group>";
		};
		16ABE89223E58B2C0065D873 /* UI */ = {
			isa = PBXGroup;
			children = (
				16ABE89323E58B330065D873 /* drop-down menu */,
			);
			path = UI;
			sourceTree = "<group>";
		};
		16ABE89323E58B330065D873 /* drop-down menu */ = {
			isa = PBXGroup;
			children = (
				16ABE89423E58B590065D873 /* DropDownView.swift */,
				16ABE89623E58CD50065D873 /* DropDownButton.swift */,
			);
			path = "drop-down menu";
			sourceTree = "<group>";
		};
		16ABE8BF23E5B0960065D873 /* Constant */ = {
			isa = PBXGroup;
			children = (
				16ABE8C023E5B0B60065D873 /* SortConstant.swift */,
			);
			path = Constant;
			sourceTree = "<group>";
		};
/* End PBXGroup section */

/* Begin PBXNativeTarget section */
		165DD6C123E39A0C0068D76E /* simple-wine-v2 */ = {
			isa = PBXNativeTarget;
			buildConfigurationList = 165DD6D623E39A0D0068D76E /* Build configuration list for PBXNativeTarget "simple-wine-v2" */;
			buildPhases = (
				165DD6BE23E39A0C0068D76E /* Sources */,
				165DD6BF23E39A0C0068D76E /* Frameworks */,
				165DD6C023E39A0C0068D76E /* Resources */,
			);
			buildRules = (
			);
			dependencies = (
			);
			name = "simple-wine-v2";
			productName = "simple-wine-v2";
			productReference = 165DD6C223E39A0C0068D76E /* simple-wine-v2.app */;
			productType = "com.apple.product-type.application";
		};
/* End PBXNativeTarget section */

/* Begin PBXProject section */
		165DD6BA23E39A0C0068D76E /* Project object */ = {
			isa = PBXProject;
			attributes = {
				LastSwiftUpdateCheck = 1130;
				LastUpgradeCheck = 1130;
				ORGANIZATIONNAME = "Igor Ivanov";
				TargetAttributes = {
					165DD6C123E39A0C0068D76E = {
						CreatedOnToolsVersion = 11.3.1;
					};
				};
			};
			buildConfigurationList = 165DD6BD23E39A0C0068D76E /* Build configuration list for PBXProject "simple-wine-v2" */;
			compatibilityVersion = "Xcode 9.3";
			developmentRegion = en;
			hasScannedForEncodings = 0;
			knownRegions = (
				en,
				Base,
			);
			mainGroup = 165DD6B923E39A0C0068D76E;
			productRefGroup = 165DD6C323E39A0C0068D76E /* Products */;
			projectDirPath = "";
			projectRoot = "";
			targets = (
				165DD6C123E39A0C0068D76E /* simple-wine-v2 */,
			);
		};
/* End PBXProject section */

/* Begin PBXResourcesBuildPhase section */
		165DD6C023E39A0C0068D76E /* Resources */ = {
			isa = PBXResourcesBuildPhase;
			buildActionMask = 2147483647;
			files = (
				165DD6D223E39A0D0068D76E /* LaunchScreen.storyboard in Resources */,
				165DD6CF23E39A0D0068D76E /* Assets.xcassets in Resources */,
				165DD6CD23E39A0C0068D76E /* Main.storyboard in Resources */,
			);
			runOnlyForDeploymentPostprocessing = 0;
		};
/* End PBXResourcesBuildPhase section */

/* Begin PBXSourcesBuildPhase section */
		165DD6BE23E39A0C0068D76E /* Sources */ = {
			isa = PBXSourcesBuildPhase;
			buildActionMask = 2147483647;
			files = (
				165DD70423E3AA0B0068D76E /* CategoryCollectionViewCell.swift in Sources */,
				165DD6C623E39A0C0068D76E /* AppDelegate.swift in Sources */,
				165DD6F623E3A13C0068D76E /* Filter.swift in Sources */,
				165DD72323E42FD70068D76E /* PresentableMapSync.swift in Sources */,
				165DD72823E46D300068D76E /* Sequences+Extensions.swift in Sources */,
				165DD71423E3AA940068D76E /* ProductTableViewCell.swift in Sources */,
				165DD6FB23E3A3B30068D76E /* SelectedFilter.swift in Sources */,
				165DD70023E3A69D0068D76E /* ViewablePresenter.swift in Sources */,
				165DD6F423E3A1140068D76E /* Category.swift in Sources */,
				165DD72023E42F780068D76E /* MapSync.swift in Sources */,
				16ABE89723E58CD50065D873 /* DropDownButton.swift in Sources */,
				165DD71D23E42E0A0068D76E /* SyncablePresenter.swift in Sources */,
				165DD6F023E3A0BA0068D76E /* MapPresenter+SideMenu.swift in Sources */,
				16ABE8BE23E5B00E0065D873 /* SortablePresenter.swift in Sources */,
				165DD6EC23E3A0A10068D76E /* MapPresenter+TopMenu.swift in Sources */,
				165DD6DA23E39A8A0068D76E /* MapViewController.swift in Sources */,
				165DD70F23E3AA780068D76E /* FilterTableViewCell.swift in Sources */,
				165DD6C823E39A0C0068D76E /* SceneDelegate.swift in Sources */,
				16ABE89523E58B590065D873 /* DropDownView.swift in Sources */,
				16ABE8C123E5B0B60065D873 /* SortConstant.swift in Sources */,
				165DD70823E3AA2D0068D76E /* SelectedFilterCollectionViewCell.swift in Sources */,
				165DD6EE23E3A0B10068D76E /* MapPresenter+SelectedFilter.swift in Sources */,
				165DD6E423E39F3F0068D76E /* MapViewController+Collection.swift in Sources */,
				165DD6E823E39F7E0068D76E /* MapViewController+Table.swift in Sources */,
				165DD6E023E39AD80068D76E /* MapPresenter.swift in Sources */,
				165DD71723E422280068D76E /* PresentableView.swift in Sources */,
				165DD6F223E3A0C20068D76E /* MapPresenter+Product.swift in Sources */,
				165DD6F823E3A1450068D76E /* Product.swift in Sources */,
			);
			runOnlyForDeploymentPostprocessing = 0;
		};
/* End PBXSourcesBuildPhase section */

/* Begin PBXVariantGroup section */
		165DD6CB23E39A0C0068D76E /* Main.storyboard */ = {
			isa = PBXVariantGroup;
			children = (
				165DD6CC23E39A0C0068D76E /* Base */,
			);
			name = Main.storyboard;
			sourceTree = "<group>";
		};
		165DD6D023E39A0D0068D76E /* LaunchScreen.storyboard */ = {
			isa = PBXVariantGroup;
			children = (
				165DD6D123E39A0D0068D76E /* Base */,
			);
			name = LaunchScreen.storyboard;
			sourceTree = "<group>";
		};
/* End PBXVariantGroup section */

/* Begin XCBuildConfiguration section */
		165DD6D423E39A0D0068D76E /* Debug */ = {
			isa = XCBuildConfiguration;
			buildSettings = {
				ALWAYS_SEARCH_USER_PATHS = NO;
				CLANG_ANALYZER_NONNULL = YES;
				CLANG_ANALYZER_NUMBER_OBJECT_CONVERSION = YES_AGGRESSIVE;
				CLANG_CXX_LANGUAGE_STANDARD = "gnu++14";
				CLANG_CXX_LIBRARY = "libc++";
				CLANG_ENABLE_MODULES = YES;
				CLANG_ENABLE_OBJC_ARC = YES;
				CLANG_ENABLE_OBJC_WEAK = YES;
				CLANG_WARN_BLOCK_CAPTURE_AUTORELEASING = YES;
				CLANG_WARN_BOOL_CONVERSION = YES;
				CLANG_WARN_COMMA = YES;
				CLANG_WARN_CONSTANT_CONVERSION = YES;
				CLANG_WARN_DEPRECATED_OBJC_IMPLEMENTATIONS = YES;
				CLANG_WARN_DIRECT_OBJC_ISA_USAGE = YES_ERROR;
				CLANG_WARN_DOCUMENTATION_COMMENTS = YES;
				CLANG_WARN_EMPTY_BODY = YES;
				CLANG_WARN_ENUM_CONVERSION = YES;
				CLANG_WARN_INFINITE_RECURSION = YES;
				CLANG_WARN_INT_CONVERSION = YES;
				CLANG_WARN_NON_LITERAL_NULL_CONVERSION = YES;
				CLANG_WARN_OBJC_IMPLICIT_RETAIN_SELF = YES;
				CLANG_WARN_OBJC_LITERAL_CONVERSION = YES;
				CLANG_WARN_OBJC_ROOT_CLASS = YES_ERROR;
				CLANG_WARN_RANGE_LOOP_ANALYSIS = YES;
				CLANG_WARN_STRICT_PROTOTYPES = YES;
				CLANG_WARN_SUSPICIOUS_MOVE = YES;
				CLANG_WARN_UNGUARDED_AVAILABILITY = YES_AGGRESSIVE;
				CLANG_WARN_UNREACHABLE_CODE = YES;
				CLANG_WARN__DUPLICATE_METHOD_MATCH = YES;
				COPY_PHASE_STRIP = NO;
				DEBUG_INFORMATION_FORMAT = dwarf;
				ENABLE_STRICT_OBJC_MSGSEND = YES;
				ENABLE_TESTABILITY = YES;
				GCC_C_LANGUAGE_STANDARD = gnu11;
				GCC_DYNAMIC_NO_PIC = NO;
				GCC_NO_COMMON_BLOCKS = YES;
				GCC_OPTIMIZATION_LEVEL = 0;
				GCC_PREPROCESSOR_DEFINITIONS = (
					"DEBUG=1",
					"$(inherited)",
				);
				GCC_WARN_64_TO_32_BIT_CONVERSION = YES;
				GCC_WARN_ABOUT_RETURN_TYPE = YES_ERROR;
				GCC_WARN_UNDECLARED_SELECTOR = YES;
				GCC_WARN_UNINITIALIZED_AUTOS = YES_AGGRESSIVE;
				GCC_WARN_UNUSED_FUNCTION = YES;
				GCC_WARN_UNUSED_VARIABLE = YES;
				IPHONEOS_DEPLOYMENT_TARGET = 13.2;
				MTL_ENABLE_DEBUG_INFO = INCLUDE_SOURCE;
				MTL_FAST_MATH = YES;
				ONLY_ACTIVE_ARCH = YES;
				SDKROOT = iphoneos;
				SWIFT_ACTIVE_COMPILATION_CONDITIONS = DEBUG;
				SWIFT_OPTIMIZATION_LEVEL = "-Onone";
			};
			name = Debug;
		};
		165DD6D523E39A0D0068D76E /* Release */ = {
			isa = XCBuildConfiguration;
			buildSettings = {
				ALWAYS_SEARCH_USER_PATHS = NO;
				CLANG_ANALYZER_NONNULL = YES;
				CLANG_ANALYZER_NUMBER_OBJECT_CONVERSION = YES_AGGRESSIVE;
				CLANG_CXX_LANGUAGE_STANDARD = "gnu++14";
				CLANG_CXX_LIBRARY = "libc++";
				CLANG_ENABLE_MODULES = YES;
				CLANG_ENABLE_OBJC_ARC = YES;
				CLANG_ENABLE_OBJC_WEAK = YES;
				CLANG_WARN_BLOCK_CAPTURE_AUTORELEASING = YES;
				CLANG_WARN_BOOL_CONVERSION = YES;
				CLANG_WARN_COMMA = YES;
				CLANG_WARN_CONSTANT_CONVERSION = YES;
				CLANG_WARN_DEPRECATED_OBJC_IMPLEMENTATIONS = YES;
				CLANG_WARN_DIRECT_OBJC_ISA_USAGE = YES_ERROR;
				CLANG_WARN_DOCUMENTATION_COMMENTS = YES;
				CLANG_WARN_EMPTY_BODY = YES;
				CLANG_WARN_ENUM_CONVERSION = YES;
				CLANG_WARN_INFINITE_RECURSION = YES;
				CLANG_WARN_INT_CONVERSION = YES;
				CLANG_WARN_NON_LITERAL_NULL_CONVERSION = YES;
				CLANG_WARN_OBJC_IMPLICIT_RETAIN_SELF = YES;
				CLANG_WARN_OBJC_LITERAL_CONVERSION = YES;
				CLANG_WARN_OBJC_ROOT_CLASS = YES_ERROR;
				CLANG_WARN_RANGE_LOOP_ANALYSIS = YES;
				CLANG_WARN_STRICT_PROTOTYPES = YES;
				CLANG_WARN_SUSPICIOUS_MOVE = YES;
				CLANG_WARN_UNGUARDED_AVAILABILITY = YES_AGGRESSIVE;
				CLANG_WARN_UNREACHABLE_CODE = YES;
				CLANG_WARN__DUPLICATE_METHOD_MATCH = YES;
				COPY_PHASE_STRIP = NO;
				DEBUG_INFORMATION_FORMAT = "dwarf-with-dsym";
				ENABLE_NS_ASSERTIONS = NO;
				ENABLE_STRICT_OBJC_MSGSEND = YES;
				GCC_C_LANGUAGE_STANDARD = gnu11;
				GCC_NO_COMMON_BLOCKS = YES;
				GCC_WARN_64_TO_32_BIT_CONVERSION = YES;
				GCC_WARN_ABOUT_RETURN_TYPE = YES_ERROR;
				GCC_WARN_UNDECLARED_SELECTOR = YES;
				GCC_WARN_UNINITIALIZED_AUTOS = YES_AGGRESSIVE;
				GCC_WARN_UNUSED_FUNCTION = YES;
				GCC_WARN_UNUSED_VARIABLE = YES;
				IPHONEOS_DEPLOYMENT_TARGET = 13.2;
				MTL_ENABLE_DEBUG_INFO = NO;
				MTL_FAST_MATH = YES;
				SDKROOT = iphoneos;
				SWIFT_COMPILATION_MODE = wholemodule;
				SWIFT_OPTIMIZATION_LEVEL = "-O";
				VALIDATE_PRODUCT = YES;
			};
			name = Release;
		};
		165DD6D723E39A0D0068D76E /* Debug */ = {
			isa = XCBuildConfiguration;
			buildSettings = {
				ASSETCATALOG_COMPILER_APPICON_NAME = AppIcon;
				CODE_SIGN_STYLE = Automatic;
				DEVELOPMENT_TEAM = 78S4SSQ86F;
				INFOPLIST_FILE = "simple-wine-v2/Info.plist";
				LD_RUNPATH_SEARCH_PATHS = (
					"$(inherited)",
					"@executable_path/Frameworks",
				);
				PRODUCT_BUNDLE_IDENTIFIER = "com.garneteum.simple-wine-v2";
				PRODUCT_NAME = "$(TARGET_NAME)";
				SWIFT_VERSION = 5.0;
				TARGETED_DEVICE_FAMILY = 2;
			};
			name = Debug;
		};
		165DD6D823E39A0D0068D76E /* Release */ = {
			isa = XCBuildConfiguration;
			buildSettings = {
				ASSETCATALOG_COMPILER_APPICON_NAME = AppIcon;
				CODE_SIGN_STYLE = Automatic;
				DEVELOPMENT_TEAM = 78S4SSQ86F;
				INFOPLIST_FILE = "simple-wine-v2/Info.plist";
				LD_RUNPATH_SEARCH_PATHS = (
					"$(inherited)",
					"@executable_path/Frameworks",
				);
				PRODUCT_BUNDLE_IDENTIFIER = "com.garneteum.simple-wine-v2";
				PRODUCT_NAME = "$(TARGET_NAME)";
				SWIFT_VERSION = 5.0;
				TARGETED_DEVICE_FAMILY = 2;
			};
			name = Release;
		};
/* End XCBuildConfiguration section */

/* Begin XCConfigurationList section */
		165DD6BD23E39A0C0068D76E /* Build configuration list for PBXProject "simple-wine-v2" */ = {
			isa = XCConfigurationList;
			buildConfigurations = (
				165DD6D423E39A0D0068D76E /* Debug */,
				165DD6D523E39A0D0068D76E /* Release */,
			);
			defaultConfigurationIsVisible = 0;
			defaultConfigurationName = Release;
		};
		165DD6D623E39A0D0068D76E /* Build configuration list for PBXNativeTarget "simple-wine-v2" */ = {
			isa = XCConfigurationList;
			buildConfigurations = (
				165DD6D723E39A0D0068D76E /* Debug */,
				165DD6D823E39A0D0068D76E /* Release */,
			);
			defaultConfigurationIsVisible = 0;
			defaultConfigurationName = Release;
		};
/* End XCConfigurationList section */
	};
	rootObject = 165DD6BA23E39A0C0068D76E /* Project object */;
}
