// !$*UTF8*$!
{
	archiveVersion = 1;
	classes = {
	};
	objectVersion = 51;
	objects = {

/* Begin PBXBuildFile section */
		162144F223EEC238008C7AD0 /* KingfisherConfiguration.swift in Sources */ = {isa = PBXBuildFile; fileRef = 162144F123EEC238008C7AD0 /* KingfisherConfiguration.swift */; };
		162144F523EEC9AC008C7AD0 /* WebsocketService.swift in Sources */ = {isa = PBXBuildFile; fileRef = 162144F423EEC9AC008C7AD0 /* WebsocketService.swift */; };
		162144FF23EEDC6D008C7AD0 /* Starscream.framework in Frameworks */ = {isa = PBXBuildFile; fileRef = 162144FE23EEDC6D008C7AD0 /* Starscream.framework */; };
		1621450323EF56D4008C7AD0 /* ProjectTagConstant.swift in Sources */ = {isa = PBXBuildFile; fileRef = 1621450223EF56D4008C7AD0 /* ProjectTagConstant.swift */; };
		1621450523EF58F6008C7AD0 /* TestData2.swift in Sources */ = {isa = PBXBuildFile; fileRef = 1621450423EF58F6008C7AD0 /* TestData2.swift */; };
		1621450823F07445008C7AD0 /* MapMenuViewController.swift in Sources */ = {isa = PBXBuildFile; fileRef = 1621450723F07445008C7AD0 /* MapMenuViewController.swift */; };
		1621450B23F0754B008C7AD0 /* MapMenuPresenter.swift in Sources */ = {isa = PBXBuildFile; fileRef = 1621450A23F0754B008C7AD0 /* MapMenuPresenter.swift */; };
		1621450D23F079DE008C7AD0 /* MenuMapConstant.swift in Sources */ = {isa = PBXBuildFile; fileRef = 1621450C23F079DE008C7AD0 /* MenuMapConstant.swift */; };
		1621450F23F0AFE9008C7AD0 /* ProductSectionHeader.xib in Resources */ = {isa = PBXBuildFile; fileRef = 1621450E23F0AFE9008C7AD0 /* ProductSectionHeader.xib */; };
		1621451123F0AFF8008C7AD0 /* ProductSectionHeader.swift in Sources */ = {isa = PBXBuildFile; fileRef = 1621451023F0AFF8008C7AD0 /* ProductSectionHeader.swift */; };
		1621451323F0BA85008C7AD0 /* UIColor + Extensions.swift in Sources */ = {isa = PBXBuildFile; fileRef = 1621451223F0BA85008C7AD0 /* UIColor + Extensions.swift */; };
		1644726E23ECB45C00DEDD2B /* NetworkService.swift in Sources */ = {isa = PBXBuildFile; fileRef = 1644726D23ECB45C00DEDD2B /* NetworkService.swift */; };
		1644727023ECBF9500DEDD2B /* Session.swift in Sources */ = {isa = PBXBuildFile; fileRef = 1644726F23ECBF9500DEDD2B /* Session.swift */; };
		1644727523ECC76500DEDD2B /* RealmBase.swift in Sources */ = {isa = PBXBuildFile; fileRef = 1644727423ECC76500DEDD2B /* RealmBase.swift */; };
		1644727723ECC77800DEDD2B /* RealmCategory.swift in Sources */ = {isa = PBXBuildFile; fileRef = 1644727623ECC77800DEDD2B /* RealmCategory.swift */; };
		1644727C23ECCAAA00DEDD2B /* RealmFilter.swift in Sources */ = {isa = PBXBuildFile; fileRef = 1644727B23ECCAAA00DEDD2B /* RealmFilter.swift */; };
		1644727E23ECCBAA00DEDD2B /* RealmProduct.swift in Sources */ = {isa = PBXBuildFile; fileRef = 1644727D23ECCBAA00DEDD2B /* RealmProduct.swift */; };
		1644728023ECCC6B00DEDD2B /* RealmDetailMapSetting.swift in Sources */ = {isa = PBXBuildFile; fileRef = 1644727F23ECCC6B00DEDD2B /* RealmDetailMapSetting.swift */; };
		1644728423ECCEAD00DEDD2B /* RealmService.swift in Sources */ = {isa = PBXBuildFile; fileRef = 1644728323ECCEAD00DEDD2B /* RealmService.swift */; };
		1644728823ECD01B00DEDD2B /* LoggerService.swift in Sources */ = {isa = PBXBuildFile; fileRef = 1644728723ECD01B00DEDD2B /* LoggerService.swift */; };
		1644728A23ECD0A900DEDD2B /* RealmToken.swift in Sources */ = {isa = PBXBuildFile; fileRef = 1644728923ECD0A900DEDD2B /* RealmToken.swift */; };
		1644728C23ED759100DEDD2B /* RealmPoint.swift in Sources */ = {isa = PBXBuildFile; fileRef = 1644728B23ED759100DEDD2B /* RealmPoint.swift */; };
		1644728F23ED86D700DEDD2B /* PersistableModel.swift in Sources */ = {isa = PBXBuildFile; fileRef = 1644728E23ED86D700DEDD2B /* PersistableModel.swift */; };
		1644729323ED901B00DEDD2B /* NetworkConfiguration.swift in Sources */ = {isa = PBXBuildFile; fileRef = 1644729223ED901B00DEDD2B /* NetworkConfiguration.swift */; };
		1644729723EDAC2C00DEDD2B /* SpinnerViewController.swift in Sources */ = {isa = PBXBuildFile; fileRef = 1644729623EDAC2C00DEDD2B /* SpinnerViewController.swift */; };
		1644729923EDAC4B00DEDD2B /* WaitIndicator.swift in Sources */ = {isa = PBXBuildFile; fileRef = 1644729823EDAC4B00DEDD2B /* WaitIndicator.swift */; };
		1644729C23EDAFEB00DEDD2B /* SetterablePresenter.swift in Sources */ = {isa = PBXBuildFile; fileRef = 1644729B23EDAFEB00DEDD2B /* SetterablePresenter.swift */; };
		1644729E23EE0C4D00DEDD2B /* FetchConfiguration.swift in Sources */ = {isa = PBXBuildFile; fileRef = 1644729D23EE0C4D00DEDD2B /* FetchConfiguration.swift */; };
		164472A023EE0CBC00DEDD2B /* Date+Extensions.swift in Sources */ = {isa = PBXBuildFile; fileRef = 1644729F23EE0CBC00DEDD2B /* Date+Extensions.swift */; };
		164472A223EE0D7B00DEDD2B /* SchedulableSync.swift in Sources */ = {isa = PBXBuildFile; fileRef = 164472A123EE0D7B00DEDD2B /* SchedulableSync.swift */; };
		164472A423EE194A00DEDD2B /* BkgAllSync.swift in Sources */ = {isa = PBXBuildFile; fileRef = 164472A323EE194A00DEDD2B /* BkgAllSync.swift */; };
		16520DF723E6ED7B00AA3576 /* FavouriteViewController.swift in Sources */ = {isa = PBXBuildFile; fileRef = 16520DF623E6ED7B00AA3576 /* FavouriteViewController.swift */; };
		16520DFA23E6EEB900AA3576 /* FavouritePresenter.swift in Sources */ = {isa = PBXBuildFile; fileRef = 16520DF923E6EEB900AA3576 /* FavouritePresenter.swift */; };
		16520DFC23E6F1DB00AA3576 /* PresentableView.swift in Sources */ = {isa = PBXBuildFile; fileRef = 16520DFB23E6F1DB00AA3576 /* PresentableView.swift */; };
		16520E0023E6F2BF00AA3576 /* FavouriteDetailPresenter.swift in Sources */ = {isa = PBXBuildFile; fileRef = 16520DFF23E6F2BF00AA3576 /* FavouriteDetailPresenter.swift */; };
		16520E0523E6FED900AA3576 /* FavouriteTableViewCell.swift in Sources */ = {isa = PBXBuildFile; fileRef = 16520E0423E6FED900AA3576 /* FavouriteTableViewCell.swift */; };
		16520E0B23E71F9B00AA3576 /* FavouriteSectionHeader.swift in Sources */ = {isa = PBXBuildFile; fileRef = 16520E0A23E71F9B00AA3576 /* FavouriteSectionHeader.swift */; };
		16520E0D23E7440300AA3576 /* SelectedFilter.swift in Sources */ = {isa = PBXBuildFile; fileRef = 16520E0C23E7440300AA3576 /* SelectedFilter.swift */; };
		16520E3423E76DF800AA3576 /* UIView+Extentions.swift in Sources */ = {isa = PBXBuildFile; fileRef = 16520E3323E76DF800AA3576 /* UIView+Extentions.swift */; };
		16520E3623E7962300AA3576 /* FavouriteDetailViewController.swift in Sources */ = {isa = PBXBuildFile; fileRef = 16520E3523E7962300AA3576 /* FavouriteDetailViewController.swift */; };
		165D638D23E9C68500428AB1 /* AllSync.swift in Sources */ = {isa = PBXBuildFile; fileRef = 165D638C23E9C68500428AB1 /* AllSync.swift */; };
		165D639023E9C6DA00428AB1 /* Setter.swift in Sources */ = {isa = PBXBuildFile; fileRef = 165D638F23E9C6DA00428AB1 /* Setter.swift */; };
		165D639223E9C9E400428AB1 /* TypeAliases.swift in Sources */ = {isa = PBXBuildFile; fileRef = 165D639123E9C9E400428AB1 /* TypeAliases.swift */; };
		165D639823E9DF2C00428AB1 /* ParseService.swift in Sources */ = {isa = PBXBuildFile; fileRef = 165D639723E9DF2C00428AB1 /* ParseService.swift */; };
		165D639B23E9EA3400428AB1 /* TestData.swift in Sources */ = {isa = PBXBuildFile; fileRef = 165D639A23E9EA3400428AB1 /* TestData.swift */; };
		165DD6C623E39A0C0068D76E /* AppDelegate.swift in Sources */ = {isa = PBXBuildFile; fileRef = 165DD6C523E39A0C0068D76E /* AppDelegate.swift */; };
		165DD6CD23E39A0C0068D76E /* Main.storyboard in Resources */ = {isa = PBXBuildFile; fileRef = 165DD6CB23E39A0C0068D76E /* Main.storyboard */; };
		165DD6CF23E39A0D0068D76E /* Assets.xcassets in Resources */ = {isa = PBXBuildFile; fileRef = 165DD6CE23E39A0D0068D76E /* Assets.xcassets */; };
		165DD6D223E39A0D0068D76E /* LaunchScreen.storyboard in Resources */ = {isa = PBXBuildFile; fileRef = 165DD6D023E39A0D0068D76E /* LaunchScreen.storyboard */; };
		165DD6DA23E39A8A0068D76E /* MapViewController.swift in Sources */ = {isa = PBXBuildFile; fileRef = 165DD6D923E39A8A0068D76E /* MapViewController.swift */; };
		165DD6E023E39AD80068D76E /* MapPresenter.swift in Sources */ = {isa = PBXBuildFile; fileRef = 165DD6DF23E39AD80068D76E /* MapPresenter.swift */; };
		165DD6E423E39F3F0068D76E /* MapViewController+Collection.swift in Sources */ = {isa = PBXBuildFile; fileRef = 165DD6E323E39F3F0068D76E /* MapViewController+Collection.swift */; };
		165DD6E823E39F7E0068D76E /* MapViewController+Table.swift in Sources */ = {isa = PBXBuildFile; fileRef = 165DD6E723E39F7E0068D76E /* MapViewController+Table.swift */; };
		165DD6EC23E3A0A10068D76E /* MapPresenter+TopMenu.swift in Sources */ = {isa = PBXBuildFile; fileRef = 165DD6EB23E3A0A10068D76E /* MapPresenter+TopMenu.swift */; };
		165DD6F023E3A0BA0068D76E /* MapPresenter+SideMenu.swift in Sources */ = {isa = PBXBuildFile; fileRef = 165DD6EF23E3A0BA0068D76E /* MapPresenter+SideMenu.swift */; };
		165DD6F223E3A0C20068D76E /* MapPresenter+Product.swift in Sources */ = {isa = PBXBuildFile; fileRef = 165DD6F123E3A0C20068D76E /* MapPresenter+Product.swift */; };
		165DD6F423E3A1140068D76E /* Category.swift in Sources */ = {isa = PBXBuildFile; fileRef = 165DD6F323E3A1140068D76E /* Category.swift */; };
		165DD6F623E3A13C0068D76E /* Filter.swift in Sources */ = {isa = PBXBuildFile; fileRef = 165DD6F523E3A13C0068D76E /* Filter.swift */; };
		165DD6F823E3A1450068D76E /* Product.swift in Sources */ = {isa = PBXBuildFile; fileRef = 165DD6F723E3A1450068D76E /* Product.swift */; };
		165DD70023E3A69D0068D76E /* ViewablePresenter.swift in Sources */ = {isa = PBXBuildFile; fileRef = 165DD6FF23E3A69D0068D76E /* ViewablePresenter.swift */; };
		165DD70423E3AA0B0068D76E /* CategoryCollectionViewCell.swift in Sources */ = {isa = PBXBuildFile; fileRef = 165DD70223E3AA0B0068D76E /* CategoryCollectionViewCell.swift */; };
		165DD70F23E3AA780068D76E /* FilterTableViewCell.swift in Sources */ = {isa = PBXBuildFile; fileRef = 165DD70D23E3AA780068D76E /* FilterTableViewCell.swift */; };
		165DD71423E3AA940068D76E /* ProductTableViewCell.swift in Sources */ = {isa = PBXBuildFile; fileRef = 165DD71223E3AA940068D76E /* ProductTableViewCell.swift */; };
		165DD72023E42F780068D76E /* MapSync.swift in Sources */ = {isa = PBXBuildFile; fileRef = 165DD71F23E42F780068D76E /* MapSync.swift */; };
		165DD72323E42FD70068D76E /* PresentableMapSync.swift in Sources */ = {isa = PBXBuildFile; fileRef = 165DD72223E42FD70068D76E /* PresentableMapSync.swift */; };
		165DD72823E46D300068D76E /* Sequences+Extensions.swift in Sources */ = {isa = PBXBuildFile; fileRef = 165DD72723E46D300068D76E /* Sequences+Extensions.swift */; };
		16797CAA23E84622001707D3 /* GrandCruCover.swift in Sources */ = {isa = PBXBuildFile; fileRef = 16797CA923E84622001707D3 /* GrandCruCover.swift */; };
		16797CAC23E84B1F001707D3 /* CoverProtocols.swift in Sources */ = {isa = PBXBuildFile; fileRef = 16797CAB23E84B1F001707D3 /* CoverProtocols.swift */; };
		16797CB023E85620001707D3 /* PointMenuViewController.swift in Sources */ = {isa = PBXBuildFile; fileRef = 16797CAF23E85620001707D3 /* PointMenuViewController.swift */; };
		16797CB223E85723001707D3 /* PointMenuPresenter.swift in Sources */ = {isa = PBXBuildFile; fileRef = 16797CB123E85723001707D3 /* PointMenuPresenter.swift */; };
		16797CB523E85C77001707D3 /* AuthViewController.swift in Sources */ = {isa = PBXBuildFile; fileRef = 16797CB423E85C77001707D3 /* AuthViewController.swift */; };
		16797CB823E85CCB001707D3 /* AuthPresenter.swift in Sources */ = {isa = PBXBuildFile; fileRef = 16797CB723E85CCB001707D3 /* AuthPresenter.swift */; };
		16797CBA23E89FDC001707D3 /* ThemeConstant.swift in Sources */ = {isa = PBXBuildFile; fileRef = 16797CB923E89FDC001707D3 /* ThemeConstant.swift */; };
		16797CBC23E8BEFF001707D3 /* KuznetskyCover.xib in Resources */ = {isa = PBXBuildFile; fileRef = 16797CBB23E8BEFF001707D3 /* KuznetskyCover.xib */; };
		16797CBE23E8C17A001707D3 /* KuznetskyCover.swift in Sources */ = {isa = PBXBuildFile; fileRef = 16797CBD23E8C17A001707D3 /* KuznetskyCover.swift */; };
		16797CC023E8C9E2001707D3 /* DepoCover.xib in Resources */ = {isa = PBXBuildFile; fileRef = 16797CBF23E8C9E2001707D3 /* DepoCover.xib */; };
		16797CC223E8CAD3001707D3 /* DepoCover.swift in Sources */ = {isa = PBXBuildFile; fileRef = 16797CC123E8CAD3001707D3 /* DepoCover.swift */; };
		16797CC423E8D379001707D3 /* ThreadConstant.swift in Sources */ = {isa = PBXBuildFile; fileRef = 16797CC323E8D378001707D3 /* ThreadConstant.swift */; };
		16797CC723E8D7B4001707D3 /* Response.swift in Sources */ = {isa = PBXBuildFile; fileRef = 16797CC623E8D7B4001707D3 /* Response.swift */; };
		16797CC923E8ED62001707D3 /* Test.json in Resources */ = {isa = PBXBuildFile; fileRef = 16797CC823E8ED62001707D3 /* Test.json */; };
		16797CCD23E8F69F001707D3 /* TestParse.swift in Sources */ = {isa = PBXBuildFile; fileRef = 16797CCC23E8F69F001707D3 /* TestParse.swift */; };
		16ABE89523E58B590065D873 /* DropDownView.swift in Sources */ = {isa = PBXBuildFile; fileRef = 16ABE89423E58B590065D873 /* DropDownView.swift */; };
		16ABE89723E58CD50065D873 /* DropDownButton.swift in Sources */ = {isa = PBXBuildFile; fileRef = 16ABE89623E58CD50065D873 /* DropDownButton.swift */; };
		16ABE8BE23E5B00E0065D873 /* SortablePresenter.swift in Sources */ = {isa = PBXBuildFile; fileRef = 16ABE8BD23E5B00E0065D873 /* SortablePresenter.swift */; };
		16ABE8C123E5B0B60065D873 /* SortConstant.swift in Sources */ = {isa = PBXBuildFile; fileRef = 16ABE8C023E5B0B60065D873 /* SortConstant.swift */; };
		16ABE8C823E5EA660065D873 /* FilterSectionHeader.swift in Sources */ = {isa = PBXBuildFile; fileRef = 16ABE8C723E5EA660065D873 /* FilterSectionHeader.swift */; };
		16ABE8CA23E5EA750065D873 /* FilterSectionHeader.xib in Resources */ = {isa = PBXBuildFile; fileRef = 16ABE8C923E5EA750065D873 /* FilterSectionHeader.xib */; };
		16ABE8CF23E623FE0065D873 /* MapDetailViewController.swift in Sources */ = {isa = PBXBuildFile; fileRef = 16ABE8CE23E623FE0065D873 /* MapDetailViewController.swift */; };
		16ABE8D323E62B650065D873 /* DetailMapSetting.swift in Sources */ = {isa = PBXBuildFile; fileRef = 16ABE8D223E62B650065D873 /* DetailMapSetting.swift */; };
		16ABE8D723E62CC30065D873 /* DetailMapPresenter.swift in Sources */ = {isa = PBXBuildFile; fileRef = 16ABE8D623E62CC30065D873 /* DetailMapPresenter.swift */; };
		16ABE8DA23E6516C0065D873 /* UIImage+Extensions.swift in Sources */ = {isa = PBXBuildFile; fileRef = 16ABE8D923E6516C0065D873 /* UIImage+Extensions.swift */; };
		16ABE8F423E6561E0065D873 /* CharterITC Bold Italic.otf in Resources */ = {isa = PBXBuildFile; fileRef = 16ABE8E923E655FB0065D873 /* CharterITC Bold Italic.otf */; };
		16ABE8F523E656210065D873 /* CharterITC Bold.otf in Resources */ = {isa = PBXBuildFile; fileRef = 16ABE8EC23E655FB0065D873 /* CharterITC Bold.otf */; };
		16ABE8F623E656240065D873 /* CharterITC Italic.otf in Resources */ = {isa = PBXBuildFile; fileRef = 16ABE8EE23E655FB0065D873 /* CharterITC Italic.otf */; };
		16ABE8F723E656240065D873 /* CharterITC.otf in Resources */ = {isa = PBXBuildFile; fileRef = 16ABE8E323E655FB0065D873 /* CharterITC.otf */; };
		16ABE8F823E6562B0065D873 /* Geometria-Bold.otf in Resources */ = {isa = PBXBuildFile; fileRef = 16ABE8E123E655FA0065D873 /* Geometria-Bold.otf */; };
		16ABE8F923E6562B0065D873 /* Geometria-BoldItalic.otf in Resources */ = {isa = PBXBuildFile; fileRef = 16ABE8E723E655FB0065D873 /* Geometria-BoldItalic.otf */; };
		16ABE8FA23E6562B0065D873 /* Geometria-ExtaBlack.otf in Resources */ = {isa = PBXBuildFile; fileRef = 16ABE8DF23E655FA0065D873 /* Geometria-ExtaBlack.otf */; };
		16ABE8FB23E6562B0065D873 /* Geometria-ExtraBlackItalic.otf in Resources */ = {isa = PBXBuildFile; fileRef = 16ABE8E523E655FB0065D873 /* Geometria-ExtraBlackItalic.otf */; };
		16ABE8FC23E6562B0065D873 /* Geometria-ExtraLight.otf in Resources */ = {isa = PBXBuildFile; fileRef = 16ABE8E623E655FB0065D873 /* Geometria-ExtraLight.otf */; };
		16ABE8FD23E6562B0065D873 /* Geometria-ExtraLightItalic.otf in Resources */ = {isa = PBXBuildFile; fileRef = 16ABE8F023E655FC0065D873 /* Geometria-ExtraLightItalic.otf */; };
		16ABE8FE23E6562B0065D873 /* Geometria-Heavy.otf in Resources */ = {isa = PBXBuildFile; fileRef = 16ABE8EA23E655FB0065D873 /* Geometria-Heavy.otf */; };
		16ABE8FF23E6562B0065D873 /* Geometria-HeavyItalic.otf in Resources */ = {isa = PBXBuildFile; fileRef = 16ABE8E223E655FA0065D873 /* Geometria-HeavyItalic.otf */; };
		16ABE90023E6562B0065D873 /* Geometria-Italic.otf in Resources */ = {isa = PBXBuildFile; fileRef = 16ABE8F123E655FC0065D873 /* Geometria-Italic.otf */; };
		16ABE90123E6562B0065D873 /* Geometria-Light.otf in Resources */ = {isa = PBXBuildFile; fileRef = 16ABE8E823E655FB0065D873 /* Geometria-Light.otf */; };
		16ABE90223E6562B0065D873 /* Geometria-LightItalic.otf in Resources */ = {isa = PBXBuildFile; fileRef = 16ABE8EF23E655FC0065D873 /* Geometria-LightItalic.otf */; };
		16ABE90323E6562B0065D873 /* Geometria-Medium.otf in Resources */ = {isa = PBXBuildFile; fileRef = 16ABE8EB23E655FB0065D873 /* Geometria-Medium.otf */; };
		16ABE90423E6562B0065D873 /* Geometria-MediumItalic.otf in Resources */ = {isa = PBXBuildFile; fileRef = 16ABE8ED23E655FB0065D873 /* Geometria-MediumItalic.otf */; };
		16ABE90523E6562B0065D873 /* Geometria-Thin.otf in Resources */ = {isa = PBXBuildFile; fileRef = 16ABE8F323E655FC0065D873 /* Geometria-Thin.otf */; };
		16ABE90623E6562B0065D873 /* Geometria-ThinItalic.otf in Resources */ = {isa = PBXBuildFile; fileRef = 16ABE8E023E655FA0065D873 /* Geometria-ThinItalic.otf */; };
		16ABE90723E6562B0065D873 /* Geometria.otf in Resources */ = {isa = PBXBuildFile; fileRef = 16ABE8E423E655FB0065D873 /* Geometria.otf */; };
		16ABE90823E6562B0065D873 /* LucidaGrande.ttf in Resources */ = {isa = PBXBuildFile; fileRef = 16ABE8F223E655FC0065D873 /* LucidaGrande.ttf */; };
		16DBA84F23E823450088052B /* CoverViewController.swift in Sources */ = {isa = PBXBuildFile; fileRef = 16DBA84E23E823450088052B /* CoverViewController.swift */; };
		16DBA85223E823730088052B /* CoverPresenter.swift in Sources */ = {isa = PBXBuildFile; fileRef = 16DBA85123E823730088052B /* CoverPresenter.swift */; };
		16DBA85423E827430088052B /* Point.swift in Sources */ = {isa = PBXBuildFile; fileRef = 16DBA85323E827430088052B /* Point.swift */; };
		16DBA85623E82A0E0088052B /* PointConstant.swift in Sources */ = {isa = PBXBuildFile; fileRef = 16DBA85523E82A0E0088052B /* PointConstant.swift */; };
		16DBA85C23E8426B0088052B /* GrandCruCover.xib in Resources */ = {isa = PBXBuildFile; fileRef = 16DBA85A23E8426B0088052B /* GrandCruCover.xib */; };
		D5CA5FA5429D21B6B18E5A44 /* Pods_simple_wine_v2.framework in Frameworks */ = {isa = PBXBuildFile; fileRef = B7279243E76EF54B08F73F05 /* Pods_simple_wine_v2.framework */; };
/* End PBXBuildFile section */

/* Begin PBXFileReference section */
		162144F123EEC238008C7AD0 /* KingfisherConfiguration.swift */ = {isa = PBXFileReference; fileEncoding = 4; lastKnownFileType = sourcecode.swift; path = KingfisherConfiguration.swift; sourceTree = "<group>"; };
		162144F423EEC9AC008C7AD0 /* WebsocketService.swift */ = {isa = PBXFileReference; lastKnownFileType = sourcecode.swift; path = WebsocketService.swift; sourceTree = "<group>"; };
		162144F623EEDC1A008C7AD0 /* Starscream.framework */ = {isa = PBXFileReference; explicitFileType = wrapper.framework; path = Starscream.framework; sourceTree = BUILT_PRODUCTS_DIR; };
		162144FA23EEDC5E008C7AD0 /* Starscream.framework */ = {isa = PBXFileReference; explicitFileType = wrapper.framework; path = Starscream.framework; sourceTree = BUILT_PRODUCTS_DIR; };
		162144FE23EEDC6D008C7AD0 /* Starscream.framework */ = {isa = PBXFileReference; explicitFileType = wrapper.framework; path = Starscream.framework; sourceTree = BUILT_PRODUCTS_DIR; };
		1621450223EF56D4008C7AD0 /* ProjectTagConstant.swift */ = {isa = PBXFileReference; lastKnownFileType = sourcecode.swift; path = ProjectTagConstant.swift; sourceTree = "<group>"; };
		1621450423EF58F6008C7AD0 /* TestData2.swift */ = {isa = PBXFileReference; lastKnownFileType = sourcecode.swift; path = TestData2.swift; sourceTree = "<group>"; };
		1621450723F07445008C7AD0 /* MapMenuViewController.swift */ = {isa = PBXFileReference; lastKnownFileType = sourcecode.swift; path = MapMenuViewController.swift; sourceTree = "<group>"; };
		1621450A23F0754B008C7AD0 /* MapMenuPresenter.swift */ = {isa = PBXFileReference; lastKnownFileType = sourcecode.swift; path = MapMenuPresenter.swift; sourceTree = "<group>"; };
		1621450C23F079DE008C7AD0 /* MenuMapConstant.swift */ = {isa = PBXFileReference; lastKnownFileType = sourcecode.swift; path = MenuMapConstant.swift; sourceTree = "<group>"; };
		1621450E23F0AFE9008C7AD0 /* ProductSectionHeader.xib */ = {isa = PBXFileReference; lastKnownFileType = file.xib; path = ProductSectionHeader.xib; sourceTree = "<group>"; };
		1621451023F0AFF8008C7AD0 /* ProductSectionHeader.swift */ = {isa = PBXFileReference; lastKnownFileType = sourcecode.swift; path = ProductSectionHeader.swift; sourceTree = "<group>"; };
		1621451223F0BA85008C7AD0 /* UIColor + Extensions.swift */ = {isa = PBXFileReference; fileEncoding = 4; lastKnownFileType = sourcecode.swift; path = "UIColor + Extensions.swift"; sourceTree = "<group>"; };
		1644726D23ECB45C00DEDD2B /* NetworkService.swift */ = {isa = PBXFileReference; lastKnownFileType = sourcecode.swift; path = NetworkService.swift; sourceTree = "<group>"; };
		1644726F23ECBF9500DEDD2B /* Session.swift */ = {isa = PBXFileReference; lastKnownFileType = sourcecode.swift; path = Session.swift; sourceTree = "<group>"; };
		1644727423ECC76500DEDD2B /* RealmBase.swift */ = {isa = PBXFileReference; fileEncoding = 4; lastKnownFileType = sourcecode.swift; path = RealmBase.swift; sourceTree = "<group>"; };
		1644727623ECC77800DEDD2B /* RealmCategory.swift */ = {isa = PBXFileReference; fileEncoding = 4; lastKnownFileType = sourcecode.swift; path = RealmCategory.swift; sourceTree = "<group>"; };
		1644727B23ECCAAA00DEDD2B /* RealmFilter.swift */ = {isa = PBXFileReference; lastKnownFileType = sourcecode.swift; path = RealmFilter.swift; sourceTree = "<group>"; };
		1644727D23ECCBAA00DEDD2B /* RealmProduct.swift */ = {isa = PBXFileReference; lastKnownFileType = sourcecode.swift; path = RealmProduct.swift; sourceTree = "<group>"; };
		1644727F23ECCC6B00DEDD2B /* RealmDetailMapSetting.swift */ = {isa = PBXFileReference; lastKnownFileType = sourcecode.swift; path = RealmDetailMapSetting.swift; sourceTree = "<group>"; };
		1644728323ECCEAD00DEDD2B /* RealmService.swift */ = {isa = PBXFileReference; lastKnownFileType = sourcecode.swift; path = RealmService.swift; sourceTree = "<group>"; };
		1644728723ECD01B00DEDD2B /* LoggerService.swift */ = {isa = PBXFileReference; lastKnownFileType = sourcecode.swift; path = LoggerService.swift; sourceTree = "<group>"; };
		1644728923ECD0A900DEDD2B /* RealmToken.swift */ = {isa = PBXFileReference; lastKnownFileType = sourcecode.swift; path = RealmToken.swift; sourceTree = "<group>"; };
		1644728B23ED759100DEDD2B /* RealmPoint.swift */ = {isa = PBXFileReference; lastKnownFileType = sourcecode.swift; path = RealmPoint.swift; sourceTree = "<group>"; };
		1644728E23ED86D700DEDD2B /* PersistableModel.swift */ = {isa = PBXFileReference; lastKnownFileType = sourcecode.swift; path = PersistableModel.swift; sourceTree = "<group>"; };
		1644729223ED901B00DEDD2B /* NetworkConfiguration.swift */ = {isa = PBXFileReference; lastKnownFileType = sourcecode.swift; path = NetworkConfiguration.swift; sourceTree = "<group>"; };
		1644729623EDAC2C00DEDD2B /* SpinnerViewController.swift */ = {isa = PBXFileReference; fileEncoding = 4; lastKnownFileType = sourcecode.swift; path = SpinnerViewController.swift; sourceTree = "<group>"; };
		1644729823EDAC4B00DEDD2B /* WaitIndicator.swift */ = {isa = PBXFileReference; fileEncoding = 4; lastKnownFileType = sourcecode.swift; path = WaitIndicator.swift; sourceTree = "<group>"; };
		1644729B23EDAFEB00DEDD2B /* SetterablePresenter.swift */ = {isa = PBXFileReference; lastKnownFileType = sourcecode.swift; path = SetterablePresenter.swift; sourceTree = "<group>"; };
		1644729D23EE0C4D00DEDD2B /* FetchConfiguration.swift */ = {isa = PBXFileReference; lastKnownFileType = sourcecode.swift; path = FetchConfiguration.swift; sourceTree = "<group>"; };
		1644729F23EE0CBC00DEDD2B /* Date+Extensions.swift */ = {isa = PBXFileReference; lastKnownFileType = sourcecode.swift; path = "Date+Extensions.swift"; sourceTree = "<group>"; };
		164472A123EE0D7B00DEDD2B /* SchedulableSync.swift */ = {isa = PBXFileReference; lastKnownFileType = sourcecode.swift; path = SchedulableSync.swift; sourceTree = "<group>"; };
		164472A323EE194A00DEDD2B /* BkgAllSync.swift */ = {isa = PBXFileReference; lastKnownFileType = sourcecode.swift; path = BkgAllSync.swift; sourceTree = "<group>"; };
		16520DF623E6ED7B00AA3576 /* FavouriteViewController.swift */ = {isa = PBXFileReference; lastKnownFileType = sourcecode.swift; path = FavouriteViewController.swift; sourceTree = "<group>"; };
		16520DF923E6EEB900AA3576 /* FavouritePresenter.swift */ = {isa = PBXFileReference; lastKnownFileType = sourcecode.swift; path = FavouritePresenter.swift; sourceTree = "<group>"; };
		16520DFB23E6F1DB00AA3576 /* PresentableView.swift */ = {isa = PBXFileReference; fileEncoding = 4; lastKnownFileType = sourcecode.swift; path = PresentableView.swift; sourceTree = "<group>"; };
		16520DFF23E6F2BF00AA3576 /* FavouriteDetailPresenter.swift */ = {isa = PBXFileReference; lastKnownFileType = sourcecode.swift; path = FavouriteDetailPresenter.swift; sourceTree = "<group>"; };
		16520E0423E6FED900AA3576 /* FavouriteTableViewCell.swift */ = {isa = PBXFileReference; lastKnownFileType = sourcecode.swift; path = FavouriteTableViewCell.swift; sourceTree = "<group>"; };
		16520E0A23E71F9B00AA3576 /* FavouriteSectionHeader.swift */ = {isa = PBXFileReference; lastKnownFileType = sourcecode.swift; path = FavouriteSectionHeader.swift; sourceTree = "<group>"; };
		16520E0C23E7440300AA3576 /* SelectedFilter.swift */ = {isa = PBXFileReference; lastKnownFileType = sourcecode.swift; path = SelectedFilter.swift; sourceTree = "<group>"; };
		16520E3323E76DF800AA3576 /* UIView+Extentions.swift */ = {isa = PBXFileReference; lastKnownFileType = sourcecode.swift; path = "UIView+Extentions.swift"; sourceTree = "<group>"; };
		16520E3523E7962300AA3576 /* FavouriteDetailViewController.swift */ = {isa = PBXFileReference; lastKnownFileType = sourcecode.swift; path = FavouriteDetailViewController.swift; sourceTree = "<group>"; };
		165D638C23E9C68500428AB1 /* AllSync.swift */ = {isa = PBXFileReference; lastKnownFileType = sourcecode.swift; path = AllSync.swift; sourceTree = "<group>"; };
		165D638F23E9C6DA00428AB1 /* Setter.swift */ = {isa = PBXFileReference; lastKnownFileType = sourcecode.swift; path = Setter.swift; sourceTree = "<group>"; };
		165D639123E9C9E400428AB1 /* TypeAliases.swift */ = {isa = PBXFileReference; lastKnownFileType = sourcecode.swift; path = TypeAliases.swift; sourceTree = "<group>"; };
		165D639723E9DF2C00428AB1 /* ParseService.swift */ = {isa = PBXFileReference; lastKnownFileType = sourcecode.swift; path = ParseService.swift; sourceTree = "<group>"; };
		165D639A23E9EA3400428AB1 /* TestData.swift */ = {isa = PBXFileReference; lastKnownFileType = sourcecode.swift; path = TestData.swift; sourceTree = "<group>"; };
		165DD6C223E39A0C0068D76E /* simple-wine-v2.app */ = {isa = PBXFileReference; explicitFileType = wrapper.application; includeInIndex = 0; path = "simple-wine-v2.app"; sourceTree = BUILT_PRODUCTS_DIR; };
		165DD6C523E39A0C0068D76E /* AppDelegate.swift */ = {isa = PBXFileReference; lastKnownFileType = sourcecode.swift; path = AppDelegate.swift; sourceTree = "<group>"; };
		165DD6CC23E39A0C0068D76E /* Base */ = {isa = PBXFileReference; lastKnownFileType = file.storyboard; name = Base; path = Base.lproj/Main.storyboard; sourceTree = "<group>"; };
		165DD6CE23E39A0D0068D76E /* Assets.xcassets */ = {isa = PBXFileReference; lastKnownFileType = folder.assetcatalog; path = Assets.xcassets; sourceTree = "<group>"; };
		165DD6D123E39A0D0068D76E /* Base */ = {isa = PBXFileReference; lastKnownFileType = file.storyboard; name = Base; path = Base.lproj/LaunchScreen.storyboard; sourceTree = "<group>"; };
		165DD6D323E39A0D0068D76E /* Info.plist */ = {isa = PBXFileReference; lastKnownFileType = text.plist.xml; path = Info.plist; sourceTree = "<group>"; };
		165DD6D923E39A8A0068D76E /* MapViewController.swift */ = {isa = PBXFileReference; lastKnownFileType = sourcecode.swift; path = MapViewController.swift; sourceTree = "<group>"; };
		165DD6DF23E39AD80068D76E /* MapPresenter.swift */ = {isa = PBXFileReference; lastKnownFileType = sourcecode.swift; path = MapPresenter.swift; sourceTree = "<group>"; };
		165DD6E323E39F3F0068D76E /* MapViewController+Collection.swift */ = {isa = PBXFileReference; lastKnownFileType = sourcecode.swift; path = "MapViewController+Collection.swift"; sourceTree = "<group>"; };
		165DD6E723E39F7E0068D76E /* MapViewController+Table.swift */ = {isa = PBXFileReference; lastKnownFileType = sourcecode.swift; path = "MapViewController+Table.swift"; sourceTree = "<group>"; };
		165DD6EB23E3A0A10068D76E /* MapPresenter+TopMenu.swift */ = {isa = PBXFileReference; lastKnownFileType = sourcecode.swift; path = "MapPresenter+TopMenu.swift"; sourceTree = "<group>"; };
		165DD6EF23E3A0BA0068D76E /* MapPresenter+SideMenu.swift */ = {isa = PBXFileReference; lastKnownFileType = sourcecode.swift; path = "MapPresenter+SideMenu.swift"; sourceTree = "<group>"; };
		165DD6F123E3A0C20068D76E /* MapPresenter+Product.swift */ = {isa = PBXFileReference; lastKnownFileType = sourcecode.swift; path = "MapPresenter+Product.swift"; sourceTree = "<group>"; };
		165DD6F323E3A1140068D76E /* Category.swift */ = {isa = PBXFileReference; lastKnownFileType = sourcecode.swift; path = Category.swift; sourceTree = "<group>"; };
		165DD6F523E3A13C0068D76E /* Filter.swift */ = {isa = PBXFileReference; lastKnownFileType = sourcecode.swift; path = Filter.swift; sourceTree = "<group>"; };
		165DD6F723E3A1450068D76E /* Product.swift */ = {isa = PBXFileReference; lastKnownFileType = sourcecode.swift; path = Product.swift; sourceTree = "<group>"; };
		165DD6FF23E3A69D0068D76E /* ViewablePresenter.swift */ = {isa = PBXFileReference; lastKnownFileType = sourcecode.swift; path = ViewablePresenter.swift; sourceTree = "<group>"; };
		165DD70223E3AA0B0068D76E /* CategoryCollectionViewCell.swift */ = {isa = PBXFileReference; lastKnownFileType = sourcecode.swift; path = CategoryCollectionViewCell.swift; sourceTree = "<group>"; };
		165DD70D23E3AA780068D76E /* FilterTableViewCell.swift */ = {isa = PBXFileReference; lastKnownFileType = sourcecode.swift; path = FilterTableViewCell.swift; sourceTree = "<group>"; };
		165DD71223E3AA940068D76E /* ProductTableViewCell.swift */ = {isa = PBXFileReference; lastKnownFileType = sourcecode.swift; path = ProductTableViewCell.swift; sourceTree = "<group>"; };
		165DD71F23E42F780068D76E /* MapSync.swift */ = {isa = PBXFileReference; lastKnownFileType = sourcecode.swift; path = MapSync.swift; sourceTree = "<group>"; };
		165DD72223E42FD70068D76E /* PresentableMapSync.swift */ = {isa = PBXFileReference; lastKnownFileType = sourcecode.swift; path = PresentableMapSync.swift; sourceTree = "<group>"; };
		165DD72723E46D300068D76E /* Sequences+Extensions.swift */ = {isa = PBXFileReference; lastKnownFileType = sourcecode.swift; path = "Sequences+Extensions.swift"; sourceTree = "<group>"; };
		16797CA923E84622001707D3 /* GrandCruCover.swift */ = {isa = PBXFileReference; lastKnownFileType = sourcecode.swift; path = GrandCruCover.swift; sourceTree = "<group>"; };
		16797CAB23E84B1F001707D3 /* CoverProtocols.swift */ = {isa = PBXFileReference; lastKnownFileType = sourcecode.swift; path = CoverProtocols.swift; sourceTree = "<group>"; };
		16797CAF23E85620001707D3 /* PointMenuViewController.swift */ = {isa = PBXFileReference; lastKnownFileType = sourcecode.swift; path = PointMenuViewController.swift; sourceTree = "<group>"; };
		16797CB123E85723001707D3 /* PointMenuPresenter.swift */ = {isa = PBXFileReference; lastKnownFileType = sourcecode.swift; path = PointMenuPresenter.swift; sourceTree = "<group>"; };
		16797CB423E85C77001707D3 /* AuthViewController.swift */ = {isa = PBXFileReference; lastKnownFileType = sourcecode.swift; path = AuthViewController.swift; sourceTree = "<group>"; };
		16797CB723E85CCB001707D3 /* AuthPresenter.swift */ = {isa = PBXFileReference; lastKnownFileType = sourcecode.swift; path = AuthPresenter.swift; sourceTree = "<group>"; };
		16797CB923E89FDC001707D3 /* ThemeConstant.swift */ = {isa = PBXFileReference; lastKnownFileType = sourcecode.swift; path = ThemeConstant.swift; sourceTree = "<group>"; };
		16797CBB23E8BEFF001707D3 /* KuznetskyCover.xib */ = {isa = PBXFileReference; fileEncoding = 4; lastKnownFileType = file.xib; path = KuznetskyCover.xib; sourceTree = "<group>"; };
		16797CBD23E8C17A001707D3 /* KuznetskyCover.swift */ = {isa = PBXFileReference; lastKnownFileType = sourcecode.swift; path = KuznetskyCover.swift; sourceTree = "<group>"; };
		16797CBF23E8C9E2001707D3 /* DepoCover.xib */ = {isa = PBXFileReference; fileEncoding = 4; lastKnownFileType = file.xib; path = DepoCover.xib; sourceTree = "<group>"; };
		16797CC123E8CAD3001707D3 /* DepoCover.swift */ = {isa = PBXFileReference; lastKnownFileType = sourcecode.swift; path = DepoCover.swift; sourceTree = "<group>"; };
		16797CC323E8D378001707D3 /* ThreadConstant.swift */ = {isa = PBXFileReference; lastKnownFileType = sourcecode.swift; path = ThreadConstant.swift; sourceTree = "<group>"; };
		16797CC623E8D7B4001707D3 /* Response.swift */ = {isa = PBXFileReference; lastKnownFileType = sourcecode.swift; path = Response.swift; sourceTree = "<group>"; };
		16797CC823E8ED62001707D3 /* Test.json */ = {isa = PBXFileReference; lastKnownFileType = text.json; path = Test.json; sourceTree = "<group>"; xcLanguageSpecificationIdentifier = xcode.lang.json; };
		16797CCC23E8F69F001707D3 /* TestParse.swift */ = {isa = PBXFileReference; lastKnownFileType = sourcecode.swift; path = TestParse.swift; sourceTree = "<group>"; };
		16ABE89423E58B590065D873 /* DropDownView.swift */ = {isa = PBXFileReference; lastKnownFileType = sourcecode.swift; path = DropDownView.swift; sourceTree = "<group>"; };
		16ABE89623E58CD50065D873 /* DropDownButton.swift */ = {isa = PBXFileReference; lastKnownFileType = sourcecode.swift; path = DropDownButton.swift; sourceTree = "<group>"; };
		16ABE8BD23E5B00E0065D873 /* SortablePresenter.swift */ = {isa = PBXFileReference; lastKnownFileType = sourcecode.swift; path = SortablePresenter.swift; sourceTree = "<group>"; };
		16ABE8C023E5B0B60065D873 /* SortConstant.swift */ = {isa = PBXFileReference; lastKnownFileType = sourcecode.swift; path = SortConstant.swift; sourceTree = "<group>"; };
		16ABE8C723E5EA660065D873 /* FilterSectionHeader.swift */ = {isa = PBXFileReference; lastKnownFileType = sourcecode.swift; path = FilterSectionHeader.swift; sourceTree = "<group>"; };
		16ABE8C923E5EA750065D873 /* FilterSectionHeader.xib */ = {isa = PBXFileReference; lastKnownFileType = file.xib; path = FilterSectionHeader.xib; sourceTree = "<group>"; };
		16ABE8CE23E623FE0065D873 /* MapDetailViewController.swift */ = {isa = PBXFileReference; lastKnownFileType = sourcecode.swift; path = MapDetailViewController.swift; sourceTree = "<group>"; };
		16ABE8D223E62B650065D873 /* DetailMapSetting.swift */ = {isa = PBXFileReference; lastKnownFileType = sourcecode.swift; path = DetailMapSetting.swift; sourceTree = "<group>"; };
		16ABE8D623E62CC30065D873 /* DetailMapPresenter.swift */ = {isa = PBXFileReference; lastKnownFileType = sourcecode.swift; path = DetailMapPresenter.swift; sourceTree = "<group>"; };
		16ABE8D923E6516C0065D873 /* UIImage+Extensions.swift */ = {isa = PBXFileReference; lastKnownFileType = sourcecode.swift; path = "UIImage+Extensions.swift"; sourceTree = "<group>"; };
		16ABE8DF23E655FA0065D873 /* Geometria-ExtaBlack.otf */ = {isa = PBXFileReference; lastKnownFileType = file; path = "Geometria-ExtaBlack.otf"; sourceTree = "<group>"; };
		16ABE8E023E655FA0065D873 /* Geometria-ThinItalic.otf */ = {isa = PBXFileReference; lastKnownFileType = file; path = "Geometria-ThinItalic.otf"; sourceTree = "<group>"; };
		16ABE8E123E655FA0065D873 /* Geometria-Bold.otf */ = {isa = PBXFileReference; lastKnownFileType = file; path = "Geometria-Bold.otf"; sourceTree = "<group>"; };
		16ABE8E223E655FA0065D873 /* Geometria-HeavyItalic.otf */ = {isa = PBXFileReference; lastKnownFileType = file; path = "Geometria-HeavyItalic.otf"; sourceTree = "<group>"; };
		16ABE8E323E655FB0065D873 /* CharterITC.otf */ = {isa = PBXFileReference; lastKnownFileType = file; path = CharterITC.otf; sourceTree = "<group>"; };
		16ABE8E423E655FB0065D873 /* Geometria.otf */ = {isa = PBXFileReference; lastKnownFileType = file; path = Geometria.otf; sourceTree = "<group>"; };
		16ABE8E523E655FB0065D873 /* Geometria-ExtraBlackItalic.otf */ = {isa = PBXFileReference; lastKnownFileType = file; path = "Geometria-ExtraBlackItalic.otf"; sourceTree = "<group>"; };
		16ABE8E623E655FB0065D873 /* Geometria-ExtraLight.otf */ = {isa = PBXFileReference; lastKnownFileType = file; path = "Geometria-ExtraLight.otf"; sourceTree = "<group>"; };
		16ABE8E723E655FB0065D873 /* Geometria-BoldItalic.otf */ = {isa = PBXFileReference; lastKnownFileType = file; path = "Geometria-BoldItalic.otf"; sourceTree = "<group>"; };
		16ABE8E823E655FB0065D873 /* Geometria-Light.otf */ = {isa = PBXFileReference; lastKnownFileType = file; path = "Geometria-Light.otf"; sourceTree = "<group>"; };
		16ABE8E923E655FB0065D873 /* CharterITC Bold Italic.otf */ = {isa = PBXFileReference; lastKnownFileType = file; path = "CharterITC Bold Italic.otf"; sourceTree = "<group>"; };
		16ABE8EA23E655FB0065D873 /* Geometria-Heavy.otf */ = {isa = PBXFileReference; lastKnownFileType = file; path = "Geometria-Heavy.otf"; sourceTree = "<group>"; };
		16ABE8EB23E655FB0065D873 /* Geometria-Medium.otf */ = {isa = PBXFileReference; lastKnownFileType = file; path = "Geometria-Medium.otf"; sourceTree = "<group>"; };
		16ABE8EC23E655FB0065D873 /* CharterITC Bold.otf */ = {isa = PBXFileReference; lastKnownFileType = file; path = "CharterITC Bold.otf"; sourceTree = "<group>"; };
		16ABE8ED23E655FB0065D873 /* Geometria-MediumItalic.otf */ = {isa = PBXFileReference; lastKnownFileType = file; path = "Geometria-MediumItalic.otf"; sourceTree = "<group>"; };
		16ABE8EE23E655FB0065D873 /* CharterITC Italic.otf */ = {isa = PBXFileReference; lastKnownFileType = file; path = "CharterITC Italic.otf"; sourceTree = "<group>"; };
		16ABE8EF23E655FC0065D873 /* Geometria-LightItalic.otf */ = {isa = PBXFileReference; lastKnownFileType = file; path = "Geometria-LightItalic.otf"; sourceTree = "<group>"; };
		16ABE8F023E655FC0065D873 /* Geometria-ExtraLightItalic.otf */ = {isa = PBXFileReference; lastKnownFileType = file; path = "Geometria-ExtraLightItalic.otf"; sourceTree = "<group>"; };
		16ABE8F123E655FC0065D873 /* Geometria-Italic.otf */ = {isa = PBXFileReference; lastKnownFileType = file; path = "Geometria-Italic.otf"; sourceTree = "<group>"; };
		16ABE8F223E655FC0065D873 /* LucidaGrande.ttf */ = {isa = PBXFileReference; lastKnownFileType = file; path = LucidaGrande.ttf; sourceTree = "<group>"; };
		16ABE8F323E655FC0065D873 /* Geometria-Thin.otf */ = {isa = PBXFileReference; lastKnownFileType = file; path = "Geometria-Thin.otf"; sourceTree = "<group>"; };
		16DBA84E23E823450088052B /* CoverViewController.swift */ = {isa = PBXFileReference; lastKnownFileType = sourcecode.swift; path = CoverViewController.swift; sourceTree = "<group>"; };
		16DBA85123E823730088052B /* CoverPresenter.swift */ = {isa = PBXFileReference; lastKnownFileType = sourcecode.swift; path = CoverPresenter.swift; sourceTree = "<group>"; };
		16DBA85323E827430088052B /* Point.swift */ = {isa = PBXFileReference; lastKnownFileType = sourcecode.swift; path = Point.swift; sourceTree = "<group>"; };
		16DBA85523E82A0E0088052B /* PointConstant.swift */ = {isa = PBXFileReference; lastKnownFileType = sourcecode.swift; path = PointConstant.swift; sourceTree = "<group>"; };
		16DBA85A23E8426B0088052B /* GrandCruCover.xib */ = {isa = PBXFileReference; lastKnownFileType = file.xib; path = GrandCruCover.xib; sourceTree = "<group>"; };
		4A7265334B0A66442C1DF066 /* Pods-simple-wine-v2.debug.xcconfig */ = {isa = PBXFileReference; includeInIndex = 1; lastKnownFileType = text.xcconfig; name = "Pods-simple-wine-v2.debug.xcconfig"; path = "Target Support Files/Pods-simple-wine-v2/Pods-simple-wine-v2.debug.xcconfig"; sourceTree = "<group>"; };
		9BF400A9755BC9C1036D441C /* Pods-simple-wine-v2.release.xcconfig */ = {isa = PBXFileReference; includeInIndex = 1; lastKnownFileType = text.xcconfig; name = "Pods-simple-wine-v2.release.xcconfig"; path = "Target Support Files/Pods-simple-wine-v2/Pods-simple-wine-v2.release.xcconfig"; sourceTree = "<group>"; };
		B7279243E76EF54B08F73F05 /* Pods_simple_wine_v2.framework */ = {isa = PBXFileReference; explicitFileType = wrapper.framework; includeInIndex = 0; path = Pods_simple_wine_v2.framework; sourceTree = BUILT_PRODUCTS_DIR; };
/* End PBXFileReference section */

/* Begin PBXFrameworksBuildPhase section */
		165DD6BF23E39A0C0068D76E /* Frameworks */ = {
			isa = PBXFrameworksBuildPhase;
			buildActionMask = 2147483647;
			files = (
				D5CA5FA5429D21B6B18E5A44 /* Pods_simple_wine_v2.framework in Frameworks */,
				162144FF23EEDC6D008C7AD0 /* Starscream.framework in Frameworks */,
			);
			runOnlyForDeploymentPostprocessing = 0;
		};
/* End PBXFrameworksBuildPhase section */

/* Begin PBXGroup section */
		162144F023EEC1B2008C7AD0 /* Configuration */ = {
			isa = PBXGroup;
			children = (
				162144F123EEC238008C7AD0 /* KingfisherConfiguration.swift */,
				1644729223ED901B00DEDD2B /* NetworkConfiguration.swift */,
				1644729D23EE0C4D00DEDD2B /* FetchConfiguration.swift */,
			);
			path = Configuration;
			sourceTree = "<group>";
		};
		162144F323EEC98C008C7AD0 /* Websocket */ = {
			isa = PBXGroup;
			children = (
				162144F423EEC9AC008C7AD0 /* WebsocketService.swift */,
			);
			path = Websocket;
			sourceTree = "<group>";
		};
		1621450623F07426008C7AD0 /* Map Menu */ = {
			isa = PBXGroup;
			children = (
				1621450723F07445008C7AD0 /* MapMenuViewController.swift */,
			);
			path = "Map Menu";
			sourceTree = "<group>";
		};
		1621450923F07539008C7AD0 /* Map Menu */ = {
			isa = PBXGroup;
			children = (
				1621450A23F0754B008C7AD0 /* MapMenuPresenter.swift */,
			);
			path = "Map Menu";
			sourceTree = "<group>";
		};
		1644727123ECC70600DEDD2B /* Non-persistent */ = {
			isa = PBXGroup;
			children = (
				16DBA85323E827430088052B /* Point.swift */,
				165DD6F323E3A1140068D76E /* Category.swift */,
				165DD6F523E3A13C0068D76E /* Filter.swift */,
				165DD6F723E3A1450068D76E /* Product.swift */,
				16ABE8D223E62B650065D873 /* DetailMapSetting.swift */,
				16520E0C23E7440300AA3576 /* SelectedFilter.swift */,
				16797CC623E8D7B4001707D3 /* Response.swift */,
			);
			path = "Non-persistent";
			sourceTree = "<group>";
		};
		1644727223ECC72300DEDD2B /* Persistent */ = {
			isa = PBXGroup;
			children = (
				1644727423ECC76500DEDD2B /* RealmBase.swift */,
				1644728B23ED759100DEDD2B /* RealmPoint.swift */,
				1644727623ECC77800DEDD2B /* RealmCategory.swift */,
				1644727B23ECCAAA00DEDD2B /* RealmFilter.swift */,
				1644727D23ECCBAA00DEDD2B /* RealmProduct.swift */,
				1644727F23ECCC6B00DEDD2B /* RealmDetailMapSetting.swift */,
				1644728923ECD0A900DEDD2B /* RealmToken.swift */,
			);
			path = Persistent;
			sourceTree = "<group>";
		};
		1644728223ECCD2C00DEDD2B /* Realm */ = {
			isa = PBXGroup;
			children = (
				1644728323ECCEAD00DEDD2B /* RealmService.swift */,
			);
			path = Realm;
			sourceTree = "<group>";
		};
		1644728623ECD00F00DEDD2B /* Logger */ = {
			isa = PBXGroup;
			children = (
				1644728723ECD01B00DEDD2B /* LoggerService.swift */,
			);
			path = Logger;
			sourceTree = "<group>";
		};
		1644728D23ED86BD00DEDD2B /* Model */ = {
			isa = PBXGroup;
			children = (
				1644728E23ED86D700DEDD2B /* PersistableModel.swift */,
			);
			path = Model;
			sourceTree = "<group>";
		};
		1644729523EDAC2100DEDD2B /* waiter */ = {
			isa = PBXGroup;
			children = (
				1644729823EDAC4B00DEDD2B /* WaitIndicator.swift */,
				1644729623EDAC2C00DEDD2B /* SpinnerViewController.swift */,
			);
			path = waiter;
			sourceTree = "<group>";
		};
		16520DF523E6ED0D00AA3576 /* Favourite */ = {
			isa = PBXGroup;
			children = (
				16520E0323E6FEBB00AA3576 /* Cell */,
				16520DF623E6ED7B00AA3576 /* FavouriteViewController.swift */,
			);
			path = Favourite;
			sourceTree = "<group>";
		};
		16520DF823E6EEA900AA3576 /* Favourite */ = {
			isa = PBXGroup;
			children = (
				16520DF923E6EEB900AA3576 /* FavouritePresenter.swift */,
			);
			path = Favourite;
			sourceTree = "<group>";
		};
		16520DFD23E6F26C00AA3576 /* Favourite Detail */ = {
			isa = PBXGroup;
			children = (
				16520E3523E7962300AA3576 /* FavouriteDetailViewController.swift */,
			);
			path = "Favourite Detail";
			sourceTree = "<group>";
		};
		16520DFE23E6F28F00AA3576 /* Favourite Detail */ = {
			isa = PBXGroup;
			children = (
				16520DFF23E6F2BF00AA3576 /* FavouriteDetailPresenter.swift */,
			);
			path = "Favourite Detail";
			sourceTree = "<group>";
		};
		16520E0323E6FEBB00AA3576 /* Cell */ = {
			isa = PBXGroup;
			children = (
				16520E0423E6FED900AA3576 /* FavouriteTableViewCell.swift */,
				16520E0A23E71F9B00AA3576 /* FavouriteSectionHeader.swift */,
			);
			path = Cell;
			sourceTree = "<group>";
		};
		165D638823E97C1F00428AB1 /* Network */ = {
			isa = PBXGroup;
			children = (
				1644726D23ECB45C00DEDD2B /* NetworkService.swift */,
				1644726F23ECBF9500DEDD2B /* Session.swift */,
			);
			path = Network;
			sourceTree = "<group>";
		};
		165D638E23E9C6CF00428AB1 /* Setter */ = {
			isa = PBXGroup;
			children = (
				165D638F23E9C6DA00428AB1 /* Setter.swift */,
			);
			path = Setter;
			sourceTree = "<group>";
		};
		165D639623E9DF1E00428AB1 /* Parse */ = {
			isa = PBXGroup;
			children = (
				165D639723E9DF2C00428AB1 /* ParseService.swift */,
			);
			path = Parse;
			sourceTree = "<group>";
		};
		165D639923E9EA1C00428AB1 /* Data */ = {
			isa = PBXGroup;
			children = (
				165D639A23E9EA3400428AB1 /* TestData.swift */,
				1621450423EF58F6008C7AD0 /* TestData2.swift */,
			);
			path = Data;
			sourceTree = "<group>";
		};
		165DD6B923E39A0C0068D76E = {
			isa = PBXGroup;
			children = (
				165DD6C423E39A0C0068D76E /* simple-wine-v2 */,
				165DD6C323E39A0C0068D76E /* Products */,
				FEB70F85FDB0A225F3529013 /* Pods */,
				ECE25878875D76AE5F51B40A /* Frameworks */,
			);
			sourceTree = "<group>";
		};
		165DD6C323E39A0C0068D76E /* Products */ = {
			isa = PBXGroup;
			children = (
				165DD6C223E39A0C0068D76E /* simple-wine-v2.app */,
			);
			name = Products;
			sourceTree = "<group>";
		};
		165DD6C423E39A0C0068D76E /* simple-wine-v2 */ = {
			isa = PBXGroup;
			children = (
				16797CCA23E8F67A001707D3 /* Test */,
				16ABE8BF23E5B0960065D873 /* Constant */,
				162144F023EEC1B2008C7AD0 /* Configuration */,
				165DD71823E42B510068D76E /* Service */,
				16ABE89223E58B2C0065D873 /* UI */,
				165DD72623E46D1D0068D76E /* Helper */,
				165DD6FC23E3A65C0068D76E /* Protocol */,
				165DD6DD23E39AAD0068D76E /* Model */,
				165DD6DC23E39AA70068D76E /* View */,
				165DD6DB23E39A9F0068D76E /* Presenter */,
				165DD6E123E39AF20068D76E /* Storyboard */,
				165DD6E223E39B080068D76E /* Resources */,
				165DD6C523E39A0C0068D76E /* AppDelegate.swift */,
				165DD6D023E39A0D0068D76E /* LaunchScreen.storyboard */,
				165DD6D323E39A0D0068D76E /* Info.plist */,
			);
			path = "simple-wine-v2";
			sourceTree = "<group>";
		};
		165DD6DB23E39A9F0068D76E /* Presenter */ = {
			isa = PBXGroup;
			children = (
				16797CAD23E850C8001707D3 /* Point Menu */,
				16797CB623E85CBA001707D3 /* Auth */,
				16DBA85023E823690088052B /* Cover */,
				1621450923F07539008C7AD0 /* Map Menu */,
				16ABE8D423E62C930065D873 /* Map */,
				16ABE8D523E62CA10065D873 /* Map Detail */,
				16520DF823E6EEA900AA3576 /* Favourite */,
				16520DFE23E6F28F00AA3576 /* Favourite Detail */,
			);
			path = Presenter;
			sourceTree = "<group>";
		};
		165DD6DC23E39AA70068D76E /* View */ = {
			isa = PBXGroup;
			children = (
				16797CAE23E8560F001707D3 /* Point Menu */,
				16797CB323E85C55001707D3 /* Auth */,
				16DBA84D23E822D50088052B /* Cover */,
				1621450623F07426008C7AD0 /* Map Menu */,
				165DD6DE23E39ABA0068D76E /* Map */,
				16ABE8CD23E623CA0065D873 /* Map Detail */,
				16520DF523E6ED0D00AA3576 /* Favourite */,
				16520DFD23E6F26C00AA3576 /* Favourite Detail */,
			);
			path = View;
			sourceTree = "<group>";
		};
		165DD6DD23E39AAD0068D76E /* Model */ = {
			isa = PBXGroup;
			children = (
				1644727223ECC72300DEDD2B /* Persistent */,
				1644727123ECC70600DEDD2B /* Non-persistent */,
			);
			path = Model;
			sourceTree = "<group>";
		};
		165DD6DE23E39ABA0068D76E /* Map */ = {
			isa = PBXGroup;
			children = (
				165DD70123E3A9DF0068D76E /* Cell */,
				165DD6D923E39A8A0068D76E /* MapViewController.swift */,
				165DD6E323E39F3F0068D76E /* MapViewController+Collection.swift */,
				165DD6E723E39F7E0068D76E /* MapViewController+Table.swift */,
			);
			path = Map;
			sourceTree = "<group>";
		};
		165DD6E123E39AF20068D76E /* Storyboard */ = {
			isa = PBXGroup;
			children = (
				165DD6CB23E39A0C0068D76E /* Main.storyboard */,
			);
			path = Storyboard;
			sourceTree = "<group>";
		};
		165DD6E223E39B080068D76E /* Resources */ = {
			isa = PBXGroup;
			children = (
				16ABE8DB23E6547C0065D873 /* Fonts */,
				165DD6CE23E39A0D0068D76E /* Assets.xcassets */,
			);
			path = Resources;
			sourceTree = "<group>";
		};
		165DD6FC23E3A65C0068D76E /* Protocol */ = {
			isa = PBXGroup;
			children = (
				165DD72123E42FC10068D76E /* Sync */,
				1644728D23ED86BD00DEDD2B /* Model */,
				165DD6FE23E3A66D0068D76E /* View */,
				165DD6FD23E3A6630068D76E /* Presenter */,
			);
			path = Protocol;
			sourceTree = "<group>";
		};
		165DD6FD23E3A6630068D76E /* Presenter */ = {
			isa = PBXGroup;
			children = (
				165DD6FF23E3A69D0068D76E /* ViewablePresenter.swift */,
				16ABE8BD23E5B00E0065D873 /* SortablePresenter.swift */,
				1644729B23EDAFEB00DEDD2B /* SetterablePresenter.swift */,
			);
			path = Presenter;
			sourceTree = "<group>";
		};
		165DD6FE23E3A66D0068D76E /* View */ = {
			isa = PBXGroup;
			children = (
				16520DFB23E6F1DB00AA3576 /* PresentableView.swift */,
				16797CAB23E84B1F001707D3 /* CoverProtocols.swift */,
			);
			path = View;
			sourceTree = "<group>";
		};
		165DD70123E3A9DF0068D76E /* Cell */ = {
			isa = PBXGroup;
			children = (
				165DD70A23E3AA320068D76E /* Category */,
				165DD70C23E3AA4B0068D76E /* Filter */,
				165DD71123E3AA7D0068D76E /* Product */,
			);
			path = Cell;
			sourceTree = "<group>";
		};
		165DD70A23E3AA320068D76E /* Category */ = {
			isa = PBXGroup;
			children = (
				165DD70223E3AA0B0068D76E /* CategoryCollectionViewCell.swift */,
			);
			path = Category;
			sourceTree = "<group>";
		};
		165DD70C23E3AA4B0068D76E /* Filter */ = {
			isa = PBXGroup;
			children = (
				165DD70D23E3AA780068D76E /* FilterTableViewCell.swift */,
				16ABE8C723E5EA660065D873 /* FilterSectionHeader.swift */,
				16ABE8C923E5EA750065D873 /* FilterSectionHeader.xib */,
			);
			path = Filter;
			sourceTree = "<group>";
		};
		165DD71123E3AA7D0068D76E /* Product */ = {
			isa = PBXGroup;
			children = (
				165DD71223E3AA940068D76E /* ProductTableViewCell.swift */,
				1621450E23F0AFE9008C7AD0 /* ProductSectionHeader.xib */,
				1621451023F0AFF8008C7AD0 /* ProductSectionHeader.swift */,
			);
			path = Product;
			sourceTree = "<group>";
		};
		165DD71823E42B510068D76E /* Service */ = {
			isa = PBXGroup;
			children = (
				162144F323EEC98C008C7AD0 /* Websocket */,
				1644728623ECD00F00DEDD2B /* Logger */,
				1644728223ECCD2C00DEDD2B /* Realm */,
				165D639623E9DF1E00428AB1 /* Parse */,
				165D638E23E9C6CF00428AB1 /* Setter */,
				165DD71E23E42F550068D76E /* Sync */,
				165D638823E97C1F00428AB1 /* Network */,
			);
			path = Service;
			sourceTree = "<group>";
		};
		165DD71E23E42F550068D76E /* Sync */ = {
			isa = PBXGroup;
			children = (
				165D638C23E9C68500428AB1 /* AllSync.swift */,
				164472A323EE194A00DEDD2B /* BkgAllSync.swift */,
				165DD71F23E42F780068D76E /* MapSync.swift */,
			);
			path = Sync;
			sourceTree = "<group>";
		};
		165DD72123E42FC10068D76E /* Sync */ = {
			isa = PBXGroup;
			children = (
				165DD72223E42FD70068D76E /* PresentableMapSync.swift */,
				164472A123EE0D7B00DEDD2B /* SchedulableSync.swift */,
			);
			path = Sync;
			sourceTree = "<group>";
		};
		165DD72623E46D1D0068D76E /* Helper */ = {
			isa = PBXGroup;
			children = (
				1621451223F0BA85008C7AD0 /* UIColor + Extensions.swift */,
				165DD72723E46D300068D76E /* Sequences+Extensions.swift */,
				16ABE8D923E6516C0065D873 /* UIImage+Extensions.swift */,
				16520E3323E76DF800AA3576 /* UIView+Extentions.swift */,
				1644729F23EE0CBC00DEDD2B /* Date+Extensions.swift */,
			);
			path = Helper;
			sourceTree = "<group>";
		};
		16797CAD23E850C8001707D3 /* Point Menu */ = {
			isa = PBXGroup;
			children = (
				16797CB123E85723001707D3 /* PointMenuPresenter.swift */,
			);
			path = "Point Menu";
			sourceTree = "<group>";
		};
		16797CAE23E8560F001707D3 /* Point Menu */ = {
			isa = PBXGroup;
			children = (
				16797CAF23E85620001707D3 /* PointMenuViewController.swift */,
			);
			path = "Point Menu";
			sourceTree = "<group>";
		};
		16797CB323E85C55001707D3 /* Auth */ = {
			isa = PBXGroup;
			children = (
				16797CB423E85C77001707D3 /* AuthViewController.swift */,
			);
			path = Auth;
			sourceTree = "<group>";
		};
		16797CB623E85CBA001707D3 /* Auth */ = {
			isa = PBXGroup;
			children = (
				16797CB723E85CCB001707D3 /* AuthPresenter.swift */,
			);
			path = Auth;
			sourceTree = "<group>";
		};
		16797CCA23E8F67A001707D3 /* Test */ = {
			isa = PBXGroup;
			children = (
				165D639923E9EA1C00428AB1 /* Data */,
				16797CCB23E8F681001707D3 /* Parse */,
			);
			path = Test;
			sourceTree = "<group>";
		};
		16797CCB23E8F681001707D3 /* Parse */ = {
			isa = PBXGroup;
			children = (
				16797CC823E8ED62001707D3 /* Test.json */,
				16797CCC23E8F69F001707D3 /* TestParse.swift */,
			);
			path = Parse;
			sourceTree = "<group>";
		};
		16ABE89223E58B2C0065D873 /* UI */ = {
			isa = PBXGroup;
			children = (
				1644729523EDAC2100DEDD2B /* waiter */,
				16ABE89323E58B330065D873 /* drop-down menu */,
			);
			path = UI;
			sourceTree = "<group>";
		};
		16ABE89323E58B330065D873 /* drop-down menu */ = {
			isa = PBXGroup;
			children = (
				16ABE89423E58B590065D873 /* DropDownView.swift */,
				16ABE89623E58CD50065D873 /* DropDownButton.swift */,
			);
			path = "drop-down menu";
			sourceTree = "<group>";
		};
		16ABE8BF23E5B0960065D873 /* Constant */ = {
			isa = PBXGroup;
			children = (
				16ABE8C023E5B0B60065D873 /* SortConstant.swift */,
				16DBA85523E82A0E0088052B /* PointConstant.swift */,
				16797CB923E89FDC001707D3 /* ThemeConstant.swift */,
				16797CC323E8D378001707D3 /* ThreadConstant.swift */,
				165D639123E9C9E400428AB1 /* TypeAliases.swift */,
				1621450C23F079DE008C7AD0 /* MenuMapConstant.swift */,
				1621450223EF56D4008C7AD0 /* ProjectTagConstant.swift */,
			);
			path = Constant;
			sourceTree = "<group>";
		};
		16ABE8CD23E623CA0065D873 /* Map Detail */ = {
			isa = PBXGroup;
			children = (
				16ABE8CE23E623FE0065D873 /* MapDetailViewController.swift */,
			);
			path = "Map Detail";
			sourceTree = "<group>";
		};
		16ABE8D423E62C930065D873 /* Map */ = {
			isa = PBXGroup;
			children = (
				165DD6DF23E39AD80068D76E /* MapPresenter.swift */,
				165DD6EB23E3A0A10068D76E /* MapPresenter+TopMenu.swift */,
				165DD6EF23E3A0BA0068D76E /* MapPresenter+SideMenu.swift */,
				165DD6F123E3A0C20068D76E /* MapPresenter+Product.swift */,
			);
			path = Map;
			sourceTree = "<group>";
		};
		16ABE8D523E62CA10065D873 /* Map Detail */ = {
			isa = PBXGroup;
			children = (
				16ABE8D623E62CC30065D873 /* DetailMapPresenter.swift */,
			);
			path = "Map Detail";
			sourceTree = "<group>";
		};
		16ABE8DB23E6547C0065D873 /* Fonts */ = {
			isa = PBXGroup;
			children = (
				16ABE8E923E655FB0065D873 /* CharterITC Bold Italic.otf */,
				16ABE8EC23E655FB0065D873 /* CharterITC Bold.otf */,
				16ABE8EE23E655FB0065D873 /* CharterITC Italic.otf */,
				16ABE8E323E655FB0065D873 /* CharterITC.otf */,
				16ABE8E123E655FA0065D873 /* Geometria-Bold.otf */,
				16ABE8E723E655FB0065D873 /* Geometria-BoldItalic.otf */,
				16ABE8DF23E655FA0065D873 /* Geometria-ExtaBlack.otf */,
				16ABE8E523E655FB0065D873 /* Geometria-ExtraBlackItalic.otf */,
				16ABE8E623E655FB0065D873 /* Geometria-ExtraLight.otf */,
				16ABE8F023E655FC0065D873 /* Geometria-ExtraLightItalic.otf */,
				16ABE8EA23E655FB0065D873 /* Geometria-Heavy.otf */,
				16ABE8E223E655FA0065D873 /* Geometria-HeavyItalic.otf */,
				16ABE8F123E655FC0065D873 /* Geometria-Italic.otf */,
				16ABE8E823E655FB0065D873 /* Geometria-Light.otf */,
				16ABE8EF23E655FC0065D873 /* Geometria-LightItalic.otf */,
				16ABE8EB23E655FB0065D873 /* Geometria-Medium.otf */,
				16ABE8ED23E655FB0065D873 /* Geometria-MediumItalic.otf */,
				16ABE8F323E655FC0065D873 /* Geometria-Thin.otf */,
				16ABE8E023E655FA0065D873 /* Geometria-ThinItalic.otf */,
				16ABE8E423E655FB0065D873 /* Geometria.otf */,
				16ABE8F223E655FC0065D873 /* LucidaGrande.ttf */,
			);
			path = Fonts;
			sourceTree = "<group>";
		};
		16DBA84D23E822D50088052B /* Cover */ = {
			isa = PBXGroup;
			children = (
				16DBA84E23E823450088052B /* CoverViewController.swift */,
				16DBA85A23E8426B0088052B /* GrandCruCover.xib */,
				16797CBB23E8BEFF001707D3 /* KuznetskyCover.xib */,
				16797CBF23E8C9E2001707D3 /* DepoCover.xib */,
				16797CA923E84622001707D3 /* GrandCruCover.swift */,
				16797CBD23E8C17A001707D3 /* KuznetskyCover.swift */,
				16797CC123E8CAD3001707D3 /* DepoCover.swift */,
			);
			path = Cover;
			sourceTree = "<group>";
		};
		16DBA85023E823690088052B /* Cover */ = {
			isa = PBXGroup;
			children = (
				16DBA85123E823730088052B /* CoverPresenter.swift */,
			);
			path = Cover;
			sourceTree = "<group>";
		};
		ECE25878875D76AE5F51B40A /* Frameworks */ = {
			isa = PBXGroup;
			children = (
				162144FE23EEDC6D008C7AD0 /* Starscream.framework */,
				162144FA23EEDC5E008C7AD0 /* Starscream.framework */,
				162144F623EEDC1A008C7AD0 /* Starscream.framework */,
				B7279243E76EF54B08F73F05 /* Pods_simple_wine_v2.framework */,
			);
			name = Frameworks;
			sourceTree = "<group>";
		};
		FEB70F85FDB0A225F3529013 /* Pods */ = {
			isa = PBXGroup;
			children = (
				4A7265334B0A66442C1DF066 /* Pods-simple-wine-v2.debug.xcconfig */,
				9BF400A9755BC9C1036D441C /* Pods-simple-wine-v2.release.xcconfig */,
			);
			path = Pods;
			sourceTree = "<group>";
		};
/* End PBXGroup section */

/* Begin PBXNativeTarget section */
		165DD6C123E39A0C0068D76E /* simple-wine-v2 */ = {
			isa = PBXNativeTarget;
			buildConfigurationList = 165DD6D623E39A0D0068D76E /* Build configuration list for PBXNativeTarget "simple-wine-v2" */;
			buildPhases = (
				D335C2842AFC15D6F99E2959 /* [CP] Check Pods Manifest.lock */,
				165DD6BE23E39A0C0068D76E /* Sources */,
				165DD6BF23E39A0C0068D76E /* Frameworks */,
				165DD6C023E39A0C0068D76E /* Resources */,
				EB474A109EE665115CF87D63 /* [CP] Embed Pods Frameworks */,
			);
			buildRules = (
			);
			dependencies = (
			);
			name = "simple-wine-v2";
			productName = "simple-wine-v2";
			productReference = 165DD6C223E39A0C0068D76E /* simple-wine-v2.app */;
			productType = "com.apple.product-type.application";
		};
/* End PBXNativeTarget section */

/* Begin PBXProject section */
		165DD6BA23E39A0C0068D76E /* Project object */ = {
			isa = PBXProject;
			attributes = {
				LastSwiftUpdateCheck = 1130;
				LastUpgradeCheck = 1130;
				ORGANIZATIONNAME = "Igor Ivanov";
				TargetAttributes = {
					165DD6C123E39A0C0068D76E = {
						CreatedOnToolsVersion = 11.3.1;
					};
				};
			};
			buildConfigurationList = 165DD6BD23E39A0C0068D76E /* Build configuration list for PBXProject "simple-wine-v2" */;
			compatibilityVersion = "Xcode 9.3";
			developmentRegion = en;
			hasScannedForEncodings = 0;
			knownRegions = (
				en,
				Base,
			);
			mainGroup = 165DD6B923E39A0C0068D76E;
			productRefGroup = 165DD6C323E39A0C0068D76E /* Products */;
			projectDirPath = "";
			projectRoot = "";
			targets = (
				165DD6C123E39A0C0068D76E /* simple-wine-v2 */,
			);
		};
/* End PBXProject section */

/* Begin PBXResourcesBuildPhase section */
		165DD6C023E39A0C0068D76E /* Resources */ = {
			isa = PBXResourcesBuildPhase;
			buildActionMask = 2147483647;
			files = (
				16DBA85C23E8426B0088052B /* GrandCruCover.xib in Resources */,
				16ABE8F923E6562B0065D873 /* Geometria-BoldItalic.otf in Resources */,
				16ABE8FD23E6562B0065D873 /* Geometria-ExtraLightItalic.otf in Resources */,
				16ABE8F523E656210065D873 /* CharterITC Bold.otf in Resources */,
				16ABE8FB23E6562B0065D873 /* Geometria-ExtraBlackItalic.otf in Resources */,
				16797CC923E8ED62001707D3 /* Test.json in Resources */,
				16ABE90223E6562B0065D873 /* Geometria-LightItalic.otf in Resources */,
				16ABE90023E6562B0065D873 /* Geometria-Italic.otf in Resources */,
				16ABE8FE23E6562B0065D873 /* Geometria-Heavy.otf in Resources */,
				16ABE90823E6562B0065D873 /* LucidaGrande.ttf in Resources */,
				16797CBC23E8BEFF001707D3 /* KuznetskyCover.xib in Resources */,
				16ABE8CA23E5EA750065D873 /* FilterSectionHeader.xib in Resources */,
				1621450F23F0AFE9008C7AD0 /* ProductSectionHeader.xib in Resources */,
				16ABE8F823E6562B0065D873 /* Geometria-Bold.otf in Resources */,
				16ABE8F623E656240065D873 /* CharterITC Italic.otf in Resources */,
				16ABE90323E6562B0065D873 /* Geometria-Medium.otf in Resources */,
				165DD6D223E39A0D0068D76E /* LaunchScreen.storyboard in Resources */,
				16ABE90523E6562B0065D873 /* Geometria-Thin.otf in Resources */,
				16ABE90623E6562B0065D873 /* Geometria-ThinItalic.otf in Resources */,
				16ABE90123E6562B0065D873 /* Geometria-Light.otf in Resources */,
				16797CC023E8C9E2001707D3 /* DepoCover.xib in Resources */,
				165DD6CF23E39A0D0068D76E /* Assets.xcassets in Resources */,
				16ABE8F423E6561E0065D873 /* CharterITC Bold Italic.otf in Resources */,
				16ABE90723E6562B0065D873 /* Geometria.otf in Resources */,
				16ABE8F723E656240065D873 /* CharterITC.otf in Resources */,
				16ABE90423E6562B0065D873 /* Geometria-MediumItalic.otf in Resources */,
				165DD6CD23E39A0C0068D76E /* Main.storyboard in Resources */,
				16ABE8FF23E6562B0065D873 /* Geometria-HeavyItalic.otf in Resources */,
				16ABE8FA23E6562B0065D873 /* Geometria-ExtaBlack.otf in Resources */,
				16ABE8FC23E6562B0065D873 /* Geometria-ExtraLight.otf in Resources */,
			);
			runOnlyForDeploymentPostprocessing = 0;
		};
/* End PBXResourcesBuildPhase section */

/* Begin PBXShellScriptBuildPhase section */
		D335C2842AFC15D6F99E2959 /* [CP] Check Pods Manifest.lock */ = {
			isa = PBXShellScriptBuildPhase;
			buildActionMask = 2147483647;
			files = (
			);
			inputFileListPaths = (
			);
			inputPaths = (
				"${PODS_PODFILE_DIR_PATH}/Podfile.lock",
				"${PODS_ROOT}/Manifest.lock",
			);
			name = "[CP] Check Pods Manifest.lock";
			outputFileListPaths = (
			);
			outputPaths = (
				"$(DERIVED_FILE_DIR)/Pods-simple-wine-v2-checkManifestLockResult.txt",
			);
			runOnlyForDeploymentPostprocessing = 0;
			shellPath = /bin/sh;
			shellScript = "diff \"${PODS_PODFILE_DIR_PATH}/Podfile.lock\" \"${PODS_ROOT}/Manifest.lock\" > /dev/null\nif [ $? != 0 ] ; then\n    # print error to STDERR\n    echo \"error: The sandbox is not in sync with the Podfile.lock. Run 'pod install' or update your CocoaPods installation.\" >&2\n    exit 1\nfi\n# This output is used by Xcode 'outputs' to avoid re-running this script phase.\necho \"SUCCESS\" > \"${SCRIPT_OUTPUT_FILE_0}\"\n";
			showEnvVarsInLog = 0;
		};
		EB474A109EE665115CF87D63 /* [CP] Embed Pods Frameworks */ = {
			isa = PBXShellScriptBuildPhase;
			buildActionMask = 2147483647;
			files = (
			);
			inputFileListPaths = (
				"${PODS_ROOT}/Target Support Files/Pods-simple-wine-v2/Pods-simple-wine-v2-frameworks-${CONFIGURATION}-input-files.xcfilelist",
			);
			name = "[CP] Embed Pods Frameworks";
			outputFileListPaths = (
				"${PODS_ROOT}/Target Support Files/Pods-simple-wine-v2/Pods-simple-wine-v2-frameworks-${CONFIGURATION}-output-files.xcfilelist",
			);
			runOnlyForDeploymentPostprocessing = 0;
			shellPath = /bin/sh;
			shellScript = "\"${PODS_ROOT}/Target Support Files/Pods-simple-wine-v2/Pods-simple-wine-v2-frameworks.sh\"\n";
			showEnvVarsInLog = 0;
		};
/* End PBXShellScriptBuildPhase section */

/* Begin PBXSourcesBuildPhase section */
		165DD6BE23E39A0C0068D76E /* Sources */ = {
			isa = PBXSourcesBuildPhase;
			buildActionMask = 2147483647;
			files = (
				164472A223EE0D7B00DEDD2B /* SchedulableSync.swift in Sources */,
				1644729923EDAC4B00DEDD2B /* WaitIndicator.swift in Sources */,
				162144F523EEC9AC008C7AD0 /* WebsocketService.swift in Sources */,
				16ABE8D323E62B650065D873 /* DetailMapSetting.swift in Sources */,
				1621450523EF58F6008C7AD0 /* TestData2.swift in Sources */,
				16520E0523E6FED900AA3576 /* FavouriteTableViewCell.swift in Sources */,
				165DD70423E3AA0B0068D76E /* CategoryCollectionViewCell.swift in Sources */,
				165DD6C623E39A0C0068D76E /* AppDelegate.swift in Sources */,
				1644729723EDAC2C00DEDD2B /* SpinnerViewController.swift in Sources */,
				16520E0D23E7440300AA3576 /* SelectedFilter.swift in Sources */,
				16797CBA23E89FDC001707D3 /* ThemeConstant.swift in Sources */,
				16520E3623E7962300AA3576 /* FavouriteDetailViewController.swift in Sources */,
				16797CBE23E8C17A001707D3 /* KuznetskyCover.swift in Sources */,
				1644728423ECCEAD00DEDD2B /* RealmService.swift in Sources */,
				165DD6F623E3A13C0068D76E /* Filter.swift in Sources */,
				165DD72323E42FD70068D76E /* PresentableMapSync.swift in Sources */,
				16797CC223E8CAD3001707D3 /* DepoCover.swift in Sources */,
				1621450323EF56D4008C7AD0 /* ProjectTagConstant.swift in Sources */,
				1644728A23ECD0A900DEDD2B /* RealmToken.swift in Sources */,
				165DD72823E46D300068D76E /* Sequences+Extensions.swift in Sources */,
				16520DFA23E6EEB900AA3576 /* FavouritePresenter.swift in Sources */,
				1621451123F0AFF8008C7AD0 /* ProductSectionHeader.swift in Sources */,
				1644728023ECCC6B00DEDD2B /* RealmDetailMapSetting.swift in Sources */,
				16797CCD23E8F69F001707D3 /* TestParse.swift in Sources */,
				1644728C23ED759100DEDD2B /* RealmPoint.swift in Sources */,
				165DD71423E3AA940068D76E /* ProductTableViewCell.swift in Sources */,
				16520E0023E6F2BF00AA3576 /* FavouriteDetailPresenter.swift in Sources */,
				16797CAA23E84622001707D3 /* GrandCruCover.swift in Sources */,
				165DD70023E3A69D0068D76E /* ViewablePresenter.swift in Sources */,
				1644727023ECBF9500DEDD2B /* Session.swift in Sources */,
				165DD6F423E3A1140068D76E /* Category.swift in Sources */,
				1621450B23F0754B008C7AD0 /* MapMenuPresenter.swift in Sources */,
				165DD72023E42F780068D76E /* MapSync.swift in Sources */,
				1644729C23EDAFEB00DEDD2B /* SetterablePresenter.swift in Sources */,
				1644728823ECD01B00DEDD2B /* LoggerService.swift in Sources */,
				164472A023EE0CBC00DEDD2B /* Date+Extensions.swift in Sources */,
				1644727C23ECCAAA00DEDD2B /* RealmFilter.swift in Sources */,
				16520DFC23E6F1DB00AA3576 /* PresentableView.swift in Sources */,
				16797CB523E85C77001707D3 /* AuthViewController.swift in Sources */,
				16ABE89723E58CD50065D873 /* DropDownButton.swift in Sources */,
				16DBA85423E827430088052B /* Point.swift in Sources */,
				1644727E23ECCBAA00DEDD2B /* RealmProduct.swift in Sources */,
				164472A423EE194A00DEDD2B /* BkgAllSync.swift in Sources */,
				1621450D23F079DE008C7AD0 /* MenuMapConstant.swift in Sources */,
				16DBA85223E823730088052B /* CoverPresenter.swift in Sources */,
				1644729E23EE0C4D00DEDD2B /* FetchConfiguration.swift in Sources */,
				16797CAC23E84B1F001707D3 /* CoverProtocols.swift in Sources */,
				1621450823F07445008C7AD0 /* MapMenuViewController.swift in Sources */,
				165DD6F023E3A0BA0068D76E /* MapPresenter+SideMenu.swift in Sources */,
				16ABE8BE23E5B00E0065D873 /* SortablePresenter.swift in Sources */,
				16DBA85623E82A0E0088052B /* PointConstant.swift in Sources */,
				16797CC723E8D7B4001707D3 /* Response.swift in Sources */,
				1644727723ECC77800DEDD2B /* RealmCategory.swift in Sources */,
				165DD6EC23E3A0A10068D76E /* MapPresenter+TopMenu.swift in Sources */,
				165DD6DA23E39A8A0068D76E /* MapViewController.swift in Sources */,
				16520E3423E76DF800AA3576 /* UIView+Extentions.swift in Sources */,
				16ABE8D723E62CC30065D873 /* DetailMapPresenter.swift in Sources */,
				165D639023E9C6DA00428AB1 /* Setter.swift in Sources */,
				16797CB823E85CCB001707D3 /* AuthPresenter.swift in Sources */,
				165DD70F23E3AA780068D76E /* FilterTableViewCell.swift in Sources */,
				16520E0B23E71F9B00AA3576 /* FavouriteSectionHeader.swift in Sources */,
				1644726E23ECB45C00DEDD2B /* NetworkService.swift in Sources */,
				16ABE89523E58B590065D873 /* DropDownView.swift in Sources */,
				16797CB023E85620001707D3 /* PointMenuViewController.swift in Sources */,
				16ABE8C123E5B0B60065D873 /* SortConstant.swift in Sources */,
				16ABE8CF23E623FE0065D873 /* MapDetailViewController.swift in Sources */,
				16DBA84F23E823450088052B /* CoverViewController.swift in Sources */,
				16ABE8C823E5EA660065D873 /* FilterSectionHeader.swift in Sources */,
				16797CC423E8D379001707D3 /* ThreadConstant.swift in Sources */,
				1644729323ED901B00DEDD2B /* NetworkConfiguration.swift in Sources */,
				165D639223E9C9E400428AB1 /* TypeAliases.swift in Sources */,
				165DD6E423E39F3F0068D76E /* MapViewController+Collection.swift in Sources */,
				1644727523ECC76500DEDD2B /* RealmBase.swift in Sources */,
				162144F223EEC238008C7AD0 /* KingfisherConfiguration.swift in Sources */,
				165D639823E9DF2C00428AB1 /* ParseService.swift in Sources */,
				165D639B23E9EA3400428AB1 /* TestData.swift in Sources */,
				165DD6E823E39F7E0068D76E /* MapViewController+Table.swift in Sources */,
				1621451323F0BA85008C7AD0 /* UIColor + Extensions.swift in Sources */,
				16797CB223E85723001707D3 /* PointMenuPresenter.swift in Sources */,
				165D638D23E9C68500428AB1 /* AllSync.swift in Sources */,
				165DD6E023E39AD80068D76E /* MapPresenter.swift in Sources */,
				16520DF723E6ED7B00AA3576 /* FavouriteViewController.swift in Sources */,
				1644728F23ED86D700DEDD2B /* PersistableModel.swift in Sources */,
				16ABE8DA23E6516C0065D873 /* UIImage+Extensions.swift in Sources */,
				165DD6F223E3A0C20068D76E /* MapPresenter+Product.swift in Sources */,
				165DD6F823E3A1450068D76E /* Product.swift in Sources */,
			);
			runOnlyForDeploymentPostprocessing = 0;
		};
/* End PBXSourcesBuildPhase section */

/* Begin PBXVariantGroup section */
		165DD6CB23E39A0C0068D76E /* Main.storyboard */ = {
			isa = PBXVariantGroup;
			children = (
				165DD6CC23E39A0C0068D76E /* Base */,
			);
			name = Main.storyboard;
			sourceTree = "<group>";
		};
		165DD6D023E39A0D0068D76E /* LaunchScreen.storyboard */ = {
			isa = PBXVariantGroup;
			children = (
				165DD6D123E39A0D0068D76E /* Base */,
			);
			name = LaunchScreen.storyboard;
			sourceTree = "<group>";
		};
/* End PBXVariantGroup section */

/* Begin XCBuildConfiguration section */
		165DD6D423E39A0D0068D76E /* Debug */ = {
			isa = XCBuildConfiguration;
			buildSettings = {
				ALWAYS_SEARCH_USER_PATHS = NO;
				CLANG_ANALYZER_NONNULL = YES;
				CLANG_ANALYZER_NUMBER_OBJECT_CONVERSION = YES_AGGRESSIVE;
				CLANG_CXX_LANGUAGE_STANDARD = "gnu++14";
				CLANG_CXX_LIBRARY = "libc++";
				CLANG_ENABLE_MODULES = YES;
				CLANG_ENABLE_OBJC_ARC = YES;
				CLANG_ENABLE_OBJC_WEAK = YES;
				CLANG_WARN_BLOCK_CAPTURE_AUTORELEASING = YES;
				CLANG_WARN_BOOL_CONVERSION = YES;
				CLANG_WARN_COMMA = YES;
				CLANG_WARN_CONSTANT_CONVERSION = YES;
				CLANG_WARN_DEPRECATED_OBJC_IMPLEMENTATIONS = YES;
				CLANG_WARN_DIRECT_OBJC_ISA_USAGE = YES_ERROR;
				CLANG_WARN_DOCUMENTATION_COMMENTS = YES;
				CLANG_WARN_EMPTY_BODY = YES;
				CLANG_WARN_ENUM_CONVERSION = YES;
				CLANG_WARN_INFINITE_RECURSION = YES;
				CLANG_WARN_INT_CONVERSION = YES;
				CLANG_WARN_NON_LITERAL_NULL_CONVERSION = YES;
				CLANG_WARN_OBJC_IMPLICIT_RETAIN_SELF = YES;
				CLANG_WARN_OBJC_LITERAL_CONVERSION = YES;
				CLANG_WARN_OBJC_ROOT_CLASS = YES_ERROR;
				CLANG_WARN_RANGE_LOOP_ANALYSIS = YES;
				CLANG_WARN_STRICT_PROTOTYPES = YES;
				CLANG_WARN_SUSPICIOUS_MOVE = YES;
				CLANG_WARN_UNGUARDED_AVAILABILITY = YES_AGGRESSIVE;
				CLANG_WARN_UNREACHABLE_CODE = YES;
				CLANG_WARN__DUPLICATE_METHOD_MATCH = YES;
				COPY_PHASE_STRIP = NO;
				DEBUG_INFORMATION_FORMAT = dwarf;
				ENABLE_STRICT_OBJC_MSGSEND = YES;
				ENABLE_TESTABILITY = YES;
				GCC_C_LANGUAGE_STANDARD = gnu11;
				GCC_DYNAMIC_NO_PIC = NO;
				GCC_NO_COMMON_BLOCKS = YES;
				GCC_OPTIMIZATION_LEVEL = 0;
				GCC_PREPROCESSOR_DEFINITIONS = (
					"DEBUG=1",
					"$(inherited)",
				);
				GCC_WARN_64_TO_32_BIT_CONVERSION = YES;
				GCC_WARN_ABOUT_RETURN_TYPE = YES_ERROR;
				GCC_WARN_UNDECLARED_SELECTOR = YES;
				GCC_WARN_UNINITIALIZED_AUTOS = YES_AGGRESSIVE;
				GCC_WARN_UNUSED_FUNCTION = YES;
				GCC_WARN_UNUSED_VARIABLE = YES;
				IPHONEOS_DEPLOYMENT_TARGET = 13.2;
				MTL_ENABLE_DEBUG_INFO = INCLUDE_SOURCE;
				MTL_FAST_MATH = YES;
				ONLY_ACTIVE_ARCH = YES;
				SDKROOT = iphoneos;
				SWIFT_ACTIVE_COMPILATION_CONDITIONS = DEBUG;
				SWIFT_OPTIMIZATION_LEVEL = "-Onone";
			};
			name = Debug;
		};
		165DD6D523E39A0D0068D76E /* Release */ = {
			isa = XCBuildConfiguration;
			buildSettings = {
				ALWAYS_SEARCH_USER_PATHS = NO;
				CLANG_ANALYZER_NONNULL = YES;
				CLANG_ANALYZER_NUMBER_OBJECT_CONVERSION = YES_AGGRESSIVE;
				CLANG_CXX_LANGUAGE_STANDARD = "gnu++14";
				CLANG_CXX_LIBRARY = "libc++";
				CLANG_ENABLE_MODULES = YES;
				CLANG_ENABLE_OBJC_ARC = YES;
				CLANG_ENABLE_OBJC_WEAK = YES;
				CLANG_WARN_BLOCK_CAPTURE_AUTORELEASING = YES;
				CLANG_WARN_BOOL_CONVERSION = YES;
				CLANG_WARN_COMMA = YES;
				CLANG_WARN_CONSTANT_CONVERSION = YES;
				CLANG_WARN_DEPRECATED_OBJC_IMPLEMENTATIONS = YES;
				CLANG_WARN_DIRECT_OBJC_ISA_USAGE = YES_ERROR;
				CLANG_WARN_DOCUMENTATION_COMMENTS = YES;
				CLANG_WARN_EMPTY_BODY = YES;
				CLANG_WARN_ENUM_CONVERSION = YES;
				CLANG_WARN_INFINITE_RECURSION = YES;
				CLANG_WARN_INT_CONVERSION = YES;
				CLANG_WARN_NON_LITERAL_NULL_CONVERSION = YES;
				CLANG_WARN_OBJC_IMPLICIT_RETAIN_SELF = YES;
				CLANG_WARN_OBJC_LITERAL_CONVERSION = YES;
				CLANG_WARN_OBJC_ROOT_CLASS = YES_ERROR;
				CLANG_WARN_RANGE_LOOP_ANALYSIS = YES;
				CLANG_WARN_STRICT_PROTOTYPES = YES;
				CLANG_WARN_SUSPICIOUS_MOVE = YES;
				CLANG_WARN_UNGUARDED_AVAILABILITY = YES_AGGRESSIVE;
				CLANG_WARN_UNREACHABLE_CODE = YES;
				CLANG_WARN__DUPLICATE_METHOD_MATCH = YES;
				COPY_PHASE_STRIP = NO;
				DEBUG_INFORMATION_FORMAT = "dwarf-with-dsym";
				ENABLE_NS_ASSERTIONS = NO;
				ENABLE_STRICT_OBJC_MSGSEND = YES;
				GCC_C_LANGUAGE_STANDARD = gnu11;
				GCC_NO_COMMON_BLOCKS = YES;
				GCC_WARN_64_TO_32_BIT_CONVERSION = YES;
				GCC_WARN_ABOUT_RETURN_TYPE = YES_ERROR;
				GCC_WARN_UNDECLARED_SELECTOR = YES;
				GCC_WARN_UNINITIALIZED_AUTOS = YES_AGGRESSIVE;
				GCC_WARN_UNUSED_FUNCTION = YES;
				GCC_WARN_UNUSED_VARIABLE = YES;
				IPHONEOS_DEPLOYMENT_TARGET = 13.2;
				MTL_ENABLE_DEBUG_INFO = NO;
				MTL_FAST_MATH = YES;
				SDKROOT = iphoneos;
				SWIFT_COMPILATION_MODE = wholemodule;
				SWIFT_OPTIMIZATION_LEVEL = "-O";
				VALIDATE_PRODUCT = YES;
			};
			name = Release;
		};
		165DD6D723E39A0D0068D76E /* Debug */ = {
			isa = XCBuildConfiguration;
			baseConfigurationReference = 4A7265334B0A66442C1DF066 /* Pods-simple-wine-v2.debug.xcconfig */;
			buildSettings = {
				ASSETCATALOG_COMPILER_APPICON_NAME = AppIcon;
				CODE_SIGN_STYLE = Automatic;
				DEVELOPMENT_TEAM = 78S4SSQ86F;
				INFOPLIST_FILE = "simple-wine-v2/Info.plist";
				IPHONEOS_DEPLOYMENT_TARGET = 10.0;
				LD_RUNPATH_SEARCH_PATHS = (
					"$(inherited)",
					"@executable_path/Frameworks",
				);
				PRODUCT_BUNDLE_IDENTIFIER = "com.garneteum.simple-wine-v2";
				PRODUCT_NAME = "$(TARGET_NAME)";
				SWIFT_VERSION = 5.0;
				TARGETED_DEVICE_FAMILY = 2;
			};
			name = Debug;
		};
		165DD6D823E39A0D0068D76E /* Release */ = {
			isa = XCBuildConfiguration;
			baseConfigurationReference = 9BF400A9755BC9C1036D441C /* Pods-simple-wine-v2.release.xcconfig */;
			buildSettings = {
				ASSETCATALOG_COMPILER_APPICON_NAME = AppIcon;
				CODE_SIGN_STYLE = Automatic;
				DEVELOPMENT_TEAM = 78S4SSQ86F;
				INFOPLIST_FILE = "simple-wine-v2/Info.plist";
				IPHONEOS_DEPLOYMENT_TARGET = 10.0;
				LD_RUNPATH_SEARCH_PATHS = (
					"$(inherited)",
					"@executable_path/Frameworks",
				);
				PRODUCT_BUNDLE_IDENTIFIER = "com.garneteum.simple-wine-v2";
				PRODUCT_NAME = "$(TARGET_NAME)";
				SWIFT_VERSION = 5.0;
				TARGETED_DEVICE_FAMILY = 2;
			};
			name = Release;
		};
/* End XCBuildConfiguration section */

/* Begin XCConfigurationList section */
		165DD6BD23E39A0C0068D76E /* Build configuration list for PBXProject "simple-wine-v2" */ = {
			isa = XCConfigurationList;
			buildConfigurations = (
				165DD6D423E39A0D0068D76E /* Debug */,
				165DD6D523E39A0D0068D76E /* Release */,
			);
			defaultConfigurationIsVisible = 0;
			defaultConfigurationName = Release;
		};
		165DD6D623E39A0D0068D76E /* Build configuration list for PBXNativeTarget "simple-wine-v2" */ = {
			isa = XCConfigurationList;
			buildConfigurations = (
				165DD6D723E39A0D0068D76E /* Debug */,
				165DD6D823E39A0D0068D76E /* Release */,
			);
			defaultConfigurationIsVisible = 0;
			defaultConfigurationName = Release;
		};
/* End XCConfigurationList section */
	};
	rootObject = 165DD6BA23E39A0C0068D76E /* Project object */;
}
